// !$*UTF8*$!
{
	archiveVersion = 1;
	classes = {
	};
	objectVersion = 46;
	objects = {

/* Begin PBXBuildFile section */
		5A1D5808F3999FB7533E495D /* libPods-Zjblood.a in Frameworks */ = {isa = PBXBuildFile; fileRef = 6E4F538DFBEBDFBB081FB5B6 /* libPods-Zjblood.a */; };
		AD027EB01E816EA20093077C /* ZJBHonorAlertView.m in Sources */ = {isa = PBXBuildFile; fileRef = AD027EAF1E816EA20093077C /* ZJBHonorAlertView.m */; };
		AD15FDEB1E6E66F000F31F1B /* main.m in Sources */ = {isa = PBXBuildFile; fileRef = AD15FDEA1E6E66F000F31F1B /* main.m */; };
		AD15FDEE1E6E66F000F31F1B /* AppDelegate.m in Sources */ = {isa = PBXBuildFile; fileRef = AD15FDED1E6E66F000F31F1B /* AppDelegate.m */; };
		AD15FDF91E6E66F000F31F1B /* LaunchScreen.storyboard in Resources */ = {isa = PBXBuildFile; fileRef = AD15FDF71E6E66F000F31F1B /* LaunchScreen.storyboard */; };
		AD15FE041E6E66F100F31F1B /* ZjbloodTests.m in Sources */ = {isa = PBXBuildFile; fileRef = AD15FE031E6E66F100F31F1B /* ZjbloodTests.m */; };
		AD15FE0F1E6E66F100F31F1B /* ZjbloodUITests.m in Sources */ = {isa = PBXBuildFile; fileRef = AD15FE0E1E6E66F100F31F1B /* ZjbloodUITests.m */; };
		AD15FE221E6E83B300F31F1B /* BaseViewController.m in Sources */ = {isa = PBXBuildFile; fileRef = AD15FE211E6E83B300F31F1B /* BaseViewController.m */; };
		AD2400581E83A7C600ECA670 /* ZJBMapView.m in Sources */ = {isa = PBXBuildFile; fileRef = AD2400571E83A7C600ECA670 /* ZJBMapView.m */; };
		AD24005D1E83B81E00ECA670 /* ZJBMapTableViewCell.m in Sources */ = {isa = PBXBuildFile; fileRef = AD24005B1E83B81E00ECA670 /* ZJBMapTableViewCell.m */; };
		AD24005E1E83B81E00ECA670 /* ZJBMapTableViewCell.xib in Resources */ = {isa = PBXBuildFile; fileRef = AD24005C1E83B81E00ECA670 /* ZJBMapTableViewCell.xib */; };
		AD28F0111E762FEA005E41B5 /* ZJBAlertView.m in Sources */ = {isa = PBXBuildFile; fileRef = AD28F0101E762FEA005E41B5 /* ZJBAlertView.m */; };
		AD28F0141E76687E005E41B5 /* ZJBLoginViewController.m in Sources */ = {isa = PBXBuildFile; fileRef = AD28F0131E76687E005E41B5 /* ZJBLoginViewController.m */; };
		AD28F0181E768784005E41B5 /* ZJBloodRecordViewController.m in Sources */ = {isa = PBXBuildFile; fileRef = AD28F0171E768784005E41B5 /* ZJBloodRecordViewController.m */; };
		AD28F01B1E769F79005E41B5 /* ZJBloodResultViewController.m in Sources */ = {isa = PBXBuildFile; fileRef = AD28F01A1E769F79005E41B5 /* ZJBloodResultViewController.m */; };
		AD2926F21E6FCEC300FBAEF8 /* CPersonTableView.m in Sources */ = {isa = PBXBuildFile; fileRef = AD2926F11E6FCEC300FBAEF8 /* CPersonTableView.m */; };
		AD2926F51E6FDDB800FBAEF8 /* ZJBMyMessageViewController.m in Sources */ = {isa = PBXBuildFile; fileRef = AD2926F41E6FDDB800FBAEF8 /* ZJBMyMessageViewController.m */; };
		AD2926F81E6FDDF700FBAEF8 /* ZJBMyDataTableViewController.m in Sources */ = {isa = PBXBuildFile; fileRef = AD2926F71E6FDDF700FBAEF8 /* ZJBMyDataTableViewController.m */; };
		AD2926FB1E6FDE3500FBAEF8 /* ZJBSystenSettingViewController.m in Sources */ = {isa = PBXBuildFile; fileRef = AD2926FA1E6FDE3500FBAEF8 /* ZJBSystenSettingViewController.m */; };
		AD2926FE1E6FDE7100FBAEF8 /* ZJBFeedBackViewController.m in Sources */ = {isa = PBXBuildFile; fileRef = AD2926FD1E6FDE7100FBAEF8 /* ZJBFeedBackViewController.m */; };
		AD3597C51E8361000055E15D /* MapKit.framework in Frameworks */ = {isa = PBXBuildFile; fileRef = AD3597C41E8361000055E15D /* MapKit.framework */; };
		AD3597C71E8361290055E15D /* CoreLocation.framework in Frameworks */ = {isa = PBXBuildFile; fileRef = AD3597C61E8361290055E15D /* CoreLocation.framework */; };
		AD38A8B11E70FEE700E7B4A7 /* CustomTextView.m in Sources */ = {isa = PBXBuildFile; fileRef = AD38A8B01E70FEE700E7B4A7 /* CustomTextView.m */; };
		AD38A8BC1E711DF200E7B4A7 /* ZJBNameViewController.m in Sources */ = {isa = PBXBuildFile; fileRef = AD38A8BB1E711DF200E7B4A7 /* ZJBNameViewController.m */; };
		AD38A8BF1E711E8700E7B4A7 /* ZJBSexViewController.m in Sources */ = {isa = PBXBuildFile; fileRef = AD38A8BE1E711E8700E7B4A7 /* ZJBSexViewController.m */; };
		AD38A8C21E711FCC00E7B4A7 /* ZJBAddressViewController.m in Sources */ = {isa = PBXBuildFile; fileRef = AD38A8C11E711FCC00E7B4A7 /* ZJBAddressViewController.m */; };
		AD38A8C51E7120D000E7B4A7 /* ZJBIdCardViewController.m in Sources */ = {isa = PBXBuildFile; fileRef = AD38A8C41E7120D000E7B4A7 /* ZJBIdCardViewController.m */; };
		AD42413B1E7BB4C2000BDC2A /* ZJBMyRecordViewController.m in Sources */ = {isa = PBXBuildFile; fileRef = AD42413A1E7BB4C2000BDC2A /* ZJBMyRecordViewController.m */; };
		AD4582641E84BA7D004D8646 /* ZJBPassWordViewController.m in Sources */ = {isa = PBXBuildFile; fileRef = AD4582631E84BA7D004D8646 /* ZJBPassWordViewController.m */; };
		AD4582671E84BAA7004D8646 /* ZJBResetPwdViewController.m in Sources */ = {isa = PBXBuildFile; fileRef = AD4582661E84BAA7004D8646 /* ZJBResetPwdViewController.m */; };
		AD45826A1E84BADF004D8646 /* ZJBRegisterViewController.m in Sources */ = {isa = PBXBuildFile; fileRef = AD4582691E84BADF004D8646 /* ZJBRegisterViewController.m */; };
		AD4AE83F1E7A31ED00687989 /* ZJBDynamicTableViewCell.m in Sources */ = {isa = PBXBuildFile; fileRef = AD4AE83D1E7A31ED00687989 /* ZJBDynamicTableViewCell.m */; };
		AD4AE8401E7A31ED00687989 /* ZJBDynamicTableViewCell.xib in Resources */ = {isa = PBXBuildFile; fileRef = AD4AE83E1E7A31ED00687989 /* ZJBDynamicTableViewCell.xib */; };
		AD4AE8441E7A389B00687989 /* ZJBDynamic2TableViewCell.m in Sources */ = {isa = PBXBuildFile; fileRef = AD4AE8421E7A389B00687989 /* ZJBDynamic2TableViewCell.m */; };
		AD4AE8451E7A389B00687989 /* ZJBDynamic2TableViewCell.xib in Resources */ = {isa = PBXBuildFile; fileRef = AD4AE8431E7A389B00687989 /* ZJBDynamic2TableViewCell.xib */; };
		AD4AE8491E7A63B700687989 /* ZJBMyHonorViewController.m in Sources */ = {isa = PBXBuildFile; fileRef = AD4AE8481E7A63B700687989 /* ZJBMyHonorViewController.m */; };
		AD4AE84D1E7A6B9600687989 /* ZJBApplicant.m in Sources */ = {isa = PBXBuildFile; fileRef = AD4AE84C1E7A6B9600687989 /* ZJBApplicant.m */; };
		AD4AE8501E7A87F100687989 /* ZJBApplicationContent.m in Sources */ = {isa = PBXBuildFile; fileRef = AD4AE84F1E7A87F100687989 /* ZJBApplicationContent.m */; };
		AD4C514A1E77B9AA0062B4A4 /* ZJBloodHomeViewController.m in Sources */ = {isa = PBXBuildFile; fileRef = AD4C51491E77B9AA0062B4A4 /* ZJBloodHomeViewController.m */; };
		AD4C514D1E77BA760062B4A4 /* ZJBloodAskViewController.m in Sources */ = {isa = PBXBuildFile; fileRef = AD4C514C1E77BA760062B4A4 /* ZJBloodAskViewController.m */; };
		AD4C51501E77BAE70062B4A4 /* ZJBloodSearchViewController.m in Sources */ = {isa = PBXBuildFile; fileRef = AD4C514F1E77BAE70062B4A4 /* ZJBloodSearchViewController.m */; };
		AD4C51541E77D1BF0062B4A4 /* ZJBloodHomeTableViewCell.m in Sources */ = {isa = PBXBuildFile; fileRef = AD4C51521E77D1BF0062B4A4 /* ZJBloodHomeTableViewCell.m */; };
		AD4C51551E77D1BF0062B4A4 /* ZJBloodHomeTableViewCell.xib in Resources */ = {isa = PBXBuildFile; fileRef = AD4C51531E77D1BF0062B4A4 /* ZJBloodHomeTableViewCell.xib */; };
		AD4C51591E77F5080062B4A4 /* ZJBloodSearchTableViewCell.m in Sources */ = {isa = PBXBuildFile; fileRef = AD4C51571E77F5080062B4A4 /* ZJBloodSearchTableViewCell.m */; };
		AD4C515A1E77F5080062B4A4 /* ZJBloodSearchTableViewCell.xib in Resources */ = {isa = PBXBuildFile; fileRef = AD4C51581E77F5080062B4A4 /* ZJBloodSearchTableViewCell.xib */; };
		AD4CD70A1E7F6EF500D0612E /* ZJBloodRecordCell.m in Sources */ = {isa = PBXBuildFile; fileRef = AD4CD7081E7F6EF500D0612E /* ZJBloodRecordCell.m */; };
		AD4CD70B1E7F6EF500D0612E /* ZJBloodRecordCell.xib in Resources */ = {isa = PBXBuildFile; fileRef = AD4CD7091E7F6EF500D0612E /* ZJBloodRecordCell.xib */; };
		AD4CD7101E7F885600D0612E /* ZJBMyCommendViewController.m in Sources */ = {isa = PBXBuildFile; fileRef = AD4CD70F1E7F885600D0612E /* ZJBMyCommendViewController.m */; };
		AD4CD7141E7FB64400D0612E /* ZJBCommendView.m in Sources */ = {isa = PBXBuildFile; fileRef = AD4CD7131E7FB64400D0612E /* ZJBCommendView.m */; };
		AD4CD7171E7FDB7D00D0612E /* ZJBComShowTableViewCell.m in Sources */ = {isa = PBXBuildFile; fileRef = AD4CD7161E7FDB7D00D0612E /* ZJBComShowTableViewCell.m */; };
		AD4CD71B1E7FDF2400D0612E /* ZJBApplyHonorVC.m in Sources */ = {isa = PBXBuildFile; fileRef = AD4CD71A1E7FDF2400D0612E /* ZJBApplyHonorVC.m */; };
		AD4D79FD1E723A3A00C14A56 /* ZJBClickView.m in Sources */ = {isa = PBXBuildFile; fileRef = AD4D79FC1E723A3A00C14A56 /* ZJBClickView.m */; };
		AD4D7A031E7275A900C14A56 /* ZJBServiceTableView.m in Sources */ = {isa = PBXBuildFile; fileRef = AD4D7A021E7275A900C14A56 /* ZJBServiceTableView.m */; };
		AD4D7A061E72807A00C14A56 /* ZJBConfigPhoneStyle.m in Sources */ = {isa = PBXBuildFile; fileRef = AD4D7A051E72807A00C14A56 /* ZJBConfigPhoneStyle.m */; };
		AD5ED4861E810D4E00D59AC5 /* ZJBHonorOneViewController.m in Sources */ = {isa = PBXBuildFile; fileRef = AD5ED4851E810D4E00D59AC5 /* ZJBHonorOneViewController.m */; };
		AD5ED4891E810D5D00D59AC5 /* ZJBHonorTwoViewController.m in Sources */ = {isa = PBXBuildFile; fileRef = AD5ED4881E810D5D00D59AC5 /* ZJBHonorTwoViewController.m */; };
		AD5ED48C1E810D6E00D59AC5 /* ZJBHonorThreeViewController.m in Sources */ = {isa = PBXBuildFile; fileRef = AD5ED48B1E810D6E00D59AC5 /* ZJBHonorThreeViewController.m */; };
		AD5ED48F1E810D8300D59AC5 /* ZJBHonorFourViewController.m in Sources */ = {isa = PBXBuildFile; fileRef = AD5ED48E1E810D8300D59AC5 /* ZJBHonorFourViewController.m */; };
		AD5ED4921E810D9200D59AC5 /* ZJBHonorFiveViewController.m in Sources */ = {isa = PBXBuildFile; fileRef = AD5ED4911E810D9200D59AC5 /* ZJBHonorFiveViewController.m */; };
		AD7AEFFF1E78D7AB002D4C01 /* ZJBloodLoveTableViewCell.m in Sources */ = {isa = PBXBuildFile; fileRef = AD7AEFFD1E78D7AB002D4C01 /* ZJBloodLoveTableViewCell.m */; };
		AD7AF0001E78D7AB002D4C01 /* ZJBloodLoveTableViewCell.xib in Resources */ = {isa = PBXBuildFile; fileRef = AD7AEFFE1E78D7AB002D4C01 /* ZJBloodLoveTableViewCell.xib */; };
		AD7AF0031E790DD2002D4C01 /* ZJBSearchBarViewController.m in Sources */ = {isa = PBXBuildFile; fileRef = AD7AF0021E790DD2002D4C01 /* ZJBSearchBarViewController.m */; };
		AD7AF0081E793022002D4C01 /* ZJBInofTableViewCell.m in Sources */ = {isa = PBXBuildFile; fileRef = AD7AF0061E793022002D4C01 /* ZJBInofTableViewCell.m */; };
		AD7AF0091E793022002D4C01 /* ZJBInofTableViewCell.xib in Resources */ = {isa = PBXBuildFile; fileRef = AD7AF0071E793022002D4C01 /* ZJBInofTableViewCell.xib */; };
		AD7AF00D1E793B6B002D4C01 /* ZJBInfoTableViewController.m in Sources */ = {isa = PBXBuildFile; fileRef = AD7AF00C1E793B6B002D4C01 /* ZJBInfoTableViewController.m */; };
		AD7AF0101E793B8D002D4C01 /* ZJBPolicyTableViewController.m in Sources */ = {isa = PBXBuildFile; fileRef = AD7AF00F1E793B8D002D4C01 /* ZJBPolicyTableViewController.m */; };
		AD7AF0131E793BA0002D4C01 /* ZJBLoveTableViewController.m in Sources */ = {isa = PBXBuildFile; fileRef = AD7AF0121E793BA0002D4C01 /* ZJBLoveTableViewController.m */; };
		AD91A11B1E7E74500018EF59 /* ZJBReviewTableViewController.m in Sources */ = {isa = PBXBuildFile; fileRef = AD91A11A1E7E74500018EF59 /* ZJBReviewTableViewController.m */; };
		AD91A1241E7E77150018EF59 /* ZJBAlreadyTableViewController.m in Sources */ = {isa = PBXBuildFile; fileRef = AD91A1231E7E77150018EF59 /* ZJBAlreadyTableViewController.m */; };
		AD91A1271E7E77480018EF59 /* ZJBWholeTableViewController.m in Sources */ = {isa = PBXBuildFile; fileRef = AD91A1261E7E77480018EF59 /* ZJBWholeTableViewController.m */; };
		AD92FE701E85082700E7AA6E /* ZJBPrivacyViewController.m in Sources */ = {isa = PBXBuildFile; fileRef = AD92FE6F1E85082700E7AA6E /* ZJBPrivacyViewController.m */; };
		AD92FE731E85085100E7AA6E /* ZJBVersionsViewController.m in Sources */ = {isa = PBXBuildFile; fileRef = AD92FE721E85085100E7AA6E /* ZJBVersionsViewController.m */; };
		AD92FE761E85088700E7AA6E /* ZJBAboutOursViewController.m in Sources */ = {isa = PBXBuildFile; fileRef = AD92FE751E85088700E7AA6E /* ZJBAboutOursViewController.m */; };
		ADBFDF801E6E8827000358E0 /* ZJBServiceViewController.m in Sources */ = {isa = PBXBuildFile; fileRef = ADBFDF7F1E6E8827000358E0 /* ZJBServiceViewController.m */; };
		ADBFDF831E6E8842000358E0 /* ZJBInformationViewController.m in Sources */ = {isa = PBXBuildFile; fileRef = ADBFDF821E6E8842000358E0 /* ZJBInformationViewController.m */; };
		ADBFDF861E6E8855000358E0 /* ZJBPersonViewController.m in Sources */ = {isa = PBXBuildFile; fileRef = ADBFDF851E6E8855000358E0 /* ZJBPersonViewController.m */; };
		ADBFE2EE1E71A4ED0004767D /* images.xcassets in Resources */ = {isa = PBXBuildFile; fileRef = ADBFE2ED1E71A4ED0004767D /* images.xcassets */; };
		ADD0654F1E76A87B0026F680 /* ZJBloodRecTableViewCell.m in Sources */ = {isa = PBXBuildFile; fileRef = ADD0654D1E76A87B0026F680 /* ZJBloodRecTableViewCell.m */; };
		ADD065501E76A87B0026F680 /* ZJBloodRecTableViewCell.xib in Resources */ = {isa = PBXBuildFile; fileRef = ADD0654E1E76A87B0026F680 /* ZJBloodRecTableViewCell.xib */; };
		ADD3259B1E828D1500649D72 /* ZJBCalendarView.m in Sources */ = {isa = PBXBuildFile; fileRef = ADD3259A1E828D1500649D72 /* ZJBCalendarView.m */; };
		ADE7B6701E88A66B00F9B622 /* ZJBNetClient.m in Sources */ = {isa = PBXBuildFile; fileRef = ADE7B66F1E88A66B00F9B622 /* ZJBNetClient.m */; };
		ADE7B6731E88B0CA00F9B622 /* ZJBAFNManager.m in Sources */ = {isa = PBXBuildFile; fileRef = ADE7B6721E88B0CA00F9B622 /* ZJBAFNManager.m */; };
		ADF06BFC1E6EB89B00E9A0F8 /* CPersonView.m in Sources */ = {isa = PBXBuildFile; fileRef = ADF06BFB1E6EB89B00E9A0F8 /* CPersonView.m */; };
/* End PBXBuildFile section */

/* Begin PBXContainerItemProxy section */
		AD15FE001E6E66F000F31F1B /* PBXContainerItemProxy */ = {
			isa = PBXContainerItemProxy;
			containerPortal = AD15FDDE1E6E66F000F31F1B /* Project object */;
			proxyType = 1;
			remoteGlobalIDString = AD15FDE51E6E66F000F31F1B;
			remoteInfo = Zjblood;
		};
		AD15FE0B1E6E66F100F31F1B /* PBXContainerItemProxy */ = {
			isa = PBXContainerItemProxy;
			containerPortal = AD15FDDE1E6E66F000F31F1B /* Project object */;
			proxyType = 1;
			remoteGlobalIDString = AD15FDE51E6E66F000F31F1B;
			remoteInfo = Zjblood;
		};
/* End PBXContainerItemProxy section */

/* Begin PBXFileReference section */
		510076145357607983E2F2A2 /* Pods-Zjblood.debug.xcconfig */ = {isa = PBXFileReference; includeInIndex = 1; lastKnownFileType = text.xcconfig; name = "Pods-Zjblood.debug.xcconfig"; path = "Pods/Target Support Files/Pods-Zjblood/Pods-Zjblood.debug.xcconfig"; sourceTree = "<group>"; };
		6E4F538DFBEBDFBB081FB5B6 /* libPods-Zjblood.a */ = {isa = PBXFileReference; explicitFileType = archive.ar; includeInIndex = 0; path = "libPods-Zjblood.a"; sourceTree = BUILT_PRODUCTS_DIR; };
		AD027EAE1E816EA20093077C /* ZJBHonorAlertView.h */ = {isa = PBXFileReference; fileEncoding = 4; lastKnownFileType = sourcecode.c.h; path = ZJBHonorAlertView.h; sourceTree = "<group>"; };
		AD027EAF1E816EA20093077C /* ZJBHonorAlertView.m */ = {isa = PBXFileReference; fileEncoding = 4; lastKnownFileType = sourcecode.c.objc; path = ZJBHonorAlertView.m; sourceTree = "<group>"; };
		AD15FDE61E6E66F000F31F1B /* Zjblood.app */ = {isa = PBXFileReference; explicitFileType = wrapper.application; includeInIndex = 0; path = Zjblood.app; sourceTree = BUILT_PRODUCTS_DIR; };
		AD15FDEA1E6E66F000F31F1B /* main.m */ = {isa = PBXFileReference; lastKnownFileType = sourcecode.c.objc; path = main.m; sourceTree = "<group>"; };
		AD15FDEC1E6E66F000F31F1B /* AppDelegate.h */ = {isa = PBXFileReference; lastKnownFileType = sourcecode.c.h; path = AppDelegate.h; sourceTree = "<group>"; };
		AD15FDED1E6E66F000F31F1B /* AppDelegate.m */ = {isa = PBXFileReference; lastKnownFileType = sourcecode.c.objc; path = AppDelegate.m; sourceTree = "<group>"; };
		AD15FDF81E6E66F000F31F1B /* Base */ = {isa = PBXFileReference; lastKnownFileType = file.storyboard; name = Base; path = Base.lproj/LaunchScreen.storyboard; sourceTree = "<group>"; };
		AD15FDFA1E6E66F000F31F1B /* Info.plist */ = {isa = PBXFileReference; lastKnownFileType = text.plist.xml; name = Info.plist; path = ../Info.plist; sourceTree = "<group>"; };
		AD15FDFF1E6E66F000F31F1B /* ZjbloodTests.xctest */ = {isa = PBXFileReference; explicitFileType = wrapper.cfbundle; includeInIndex = 0; path = ZjbloodTests.xctest; sourceTree = BUILT_PRODUCTS_DIR; };
		AD15FE031E6E66F100F31F1B /* ZjbloodTests.m */ = {isa = PBXFileReference; lastKnownFileType = sourcecode.c.objc; path = ZjbloodTests.m; sourceTree = "<group>"; };
		AD15FE051E6E66F100F31F1B /* Info.plist */ = {isa = PBXFileReference; lastKnownFileType = text.plist.xml; path = Info.plist; sourceTree = "<group>"; };
		AD15FE0A1E6E66F100F31F1B /* ZjbloodUITests.xctest */ = {isa = PBXFileReference; explicitFileType = wrapper.cfbundle; includeInIndex = 0; path = ZjbloodUITests.xctest; sourceTree = BUILT_PRODUCTS_DIR; };
		AD15FE0E1E6E66F100F31F1B /* ZjbloodUITests.m */ = {isa = PBXFileReference; lastKnownFileType = sourcecode.c.objc; path = ZjbloodUITests.m; sourceTree = "<group>"; };
		AD15FE101E6E66F100F31F1B /* Info.plist */ = {isa = PBXFileReference; lastKnownFileType = text.plist.xml; path = Info.plist; sourceTree = "<group>"; };
		AD15FE201E6E83B300F31F1B /* BaseViewController.h */ = {isa = PBXFileReference; fileEncoding = 4; lastKnownFileType = sourcecode.c.h; path = BaseViewController.h; sourceTree = "<group>"; };
		AD15FE211E6E83B300F31F1B /* BaseViewController.m */ = {isa = PBXFileReference; fileEncoding = 4; lastKnownFileType = sourcecode.c.objc; path = BaseViewController.m; sourceTree = "<group>"; };
		AD2400561E83A7C600ECA670 /* ZJBMapView.h */ = {isa = PBXFileReference; fileEncoding = 4; lastKnownFileType = sourcecode.c.h; path = ZJBMapView.h; sourceTree = "<group>"; };
		AD2400571E83A7C600ECA670 /* ZJBMapView.m */ = {isa = PBXFileReference; fileEncoding = 4; lastKnownFileType = sourcecode.c.objc; path = ZJBMapView.m; sourceTree = "<group>"; };
		AD24005A1E83B81E00ECA670 /* ZJBMapTableViewCell.h */ = {isa = PBXFileReference; fileEncoding = 4; lastKnownFileType = sourcecode.c.h; path = ZJBMapTableViewCell.h; sourceTree = "<group>"; };
		AD24005B1E83B81E00ECA670 /* ZJBMapTableViewCell.m */ = {isa = PBXFileReference; fileEncoding = 4; lastKnownFileType = sourcecode.c.objc; path = ZJBMapTableViewCell.m; sourceTree = "<group>"; };
		AD24005C1E83B81E00ECA670 /* ZJBMapTableViewCell.xib */ = {isa = PBXFileReference; fileEncoding = 4; lastKnownFileType = file.xib; path = ZJBMapTableViewCell.xib; sourceTree = "<group>"; };
		AD28F00F1E762FEA005E41B5 /* ZJBAlertView.h */ = {isa = PBXFileReference; fileEncoding = 4; lastKnownFileType = sourcecode.c.h; path = ZJBAlertView.h; sourceTree = "<group>"; };
		AD28F0101E762FEA005E41B5 /* ZJBAlertView.m */ = {isa = PBXFileReference; fileEncoding = 4; lastKnownFileType = sourcecode.c.objc; path = ZJBAlertView.m; sourceTree = "<group>"; };
		AD28F0121E76687E005E41B5 /* ZJBLoginViewController.h */ = {isa = PBXFileReference; fileEncoding = 4; lastKnownFileType = sourcecode.c.h; path = ZJBLoginViewController.h; sourceTree = "<group>"; };
		AD28F0131E76687E005E41B5 /* ZJBLoginViewController.m */ = {isa = PBXFileReference; fileEncoding = 4; lastKnownFileType = sourcecode.c.objc; path = ZJBLoginViewController.m; sourceTree = "<group>"; };
		AD28F0161E768784005E41B5 /* ZJBloodRecordViewController.h */ = {isa = PBXFileReference; fileEncoding = 4; lastKnownFileType = sourcecode.c.h; path = ZJBloodRecordViewController.h; sourceTree = "<group>"; };
		AD28F0171E768784005E41B5 /* ZJBloodRecordViewController.m */ = {isa = PBXFileReference; fileEncoding = 4; lastKnownFileType = sourcecode.c.objc; path = ZJBloodRecordViewController.m; sourceTree = "<group>"; };
		AD28F0191E769F79005E41B5 /* ZJBloodResultViewController.h */ = {isa = PBXFileReference; fileEncoding = 4; lastKnownFileType = sourcecode.c.h; path = ZJBloodResultViewController.h; sourceTree = "<group>"; };
		AD28F01A1E769F79005E41B5 /* ZJBloodResultViewController.m */ = {isa = PBXFileReference; fileEncoding = 4; lastKnownFileType = sourcecode.c.objc; path = ZJBloodResultViewController.m; sourceTree = "<group>"; };
		AD2926F01E6FCEC300FBAEF8 /* CPersonTableView.h */ = {isa = PBXFileReference; fileEncoding = 4; lastKnownFileType = sourcecode.c.h; path = CPersonTableView.h; sourceTree = "<group>"; };
		AD2926F11E6FCEC300FBAEF8 /* CPersonTableView.m */ = {isa = PBXFileReference; fileEncoding = 4; lastKnownFileType = sourcecode.c.objc; path = CPersonTableView.m; sourceTree = "<group>"; };
		AD2926F31E6FDDB800FBAEF8 /* ZJBMyMessageViewController.h */ = {isa = PBXFileReference; fileEncoding = 4; lastKnownFileType = sourcecode.c.h; path = ZJBMyMessageViewController.h; sourceTree = "<group>"; };
		AD2926F41E6FDDB800FBAEF8 /* ZJBMyMessageViewController.m */ = {isa = PBXFileReference; fileEncoding = 4; lastKnownFileType = sourcecode.c.objc; path = ZJBMyMessageViewController.m; sourceTree = "<group>"; };
		AD2926F61E6FDDF700FBAEF8 /* ZJBMyDataTableViewController.h */ = {isa = PBXFileReference; fileEncoding = 4; lastKnownFileType = sourcecode.c.h; path = ZJBMyDataTableViewController.h; sourceTree = "<group>"; };
		AD2926F71E6FDDF700FBAEF8 /* ZJBMyDataTableViewController.m */ = {isa = PBXFileReference; fileEncoding = 4; lastKnownFileType = sourcecode.c.objc; path = ZJBMyDataTableViewController.m; sourceTree = "<group>"; };
		AD2926F91E6FDE3500FBAEF8 /* ZJBSystenSettingViewController.h */ = {isa = PBXFileReference; fileEncoding = 4; lastKnownFileType = sourcecode.c.h; path = ZJBSystenSettingViewController.h; sourceTree = "<group>"; };
		AD2926FA1E6FDE3500FBAEF8 /* ZJBSystenSettingViewController.m */ = {isa = PBXFileReference; fileEncoding = 4; lastKnownFileType = sourcecode.c.objc; path = ZJBSystenSettingViewController.m; sourceTree = "<group>"; };
		AD2926FC1E6FDE7100FBAEF8 /* ZJBFeedBackViewController.h */ = {isa = PBXFileReference; fileEncoding = 4; lastKnownFileType = sourcecode.c.h; path = ZJBFeedBackViewController.h; sourceTree = "<group>"; };
		AD2926FD1E6FDE7100FBAEF8 /* ZJBFeedBackViewController.m */ = {isa = PBXFileReference; fileEncoding = 4; lastKnownFileType = sourcecode.c.objc; path = ZJBFeedBackViewController.m; sourceTree = "<group>"; };
		AD3597C41E8361000055E15D /* MapKit.framework */ = {isa = PBXFileReference; lastKnownFileType = wrapper.framework; name = MapKit.framework; path = System/Library/Frameworks/MapKit.framework; sourceTree = SDKROOT; };
		AD3597C61E8361290055E15D /* CoreLocation.framework */ = {isa = PBXFileReference; lastKnownFileType = wrapper.framework; name = CoreLocation.framework; path = System/Library/Frameworks/CoreLocation.framework; sourceTree = SDKROOT; };
		AD38A8AF1E70FEE700E7B4A7 /* CustomTextView.h */ = {isa = PBXFileReference; fileEncoding = 4; lastKnownFileType = sourcecode.c.h; path = CustomTextView.h; sourceTree = "<group>"; };
		AD38A8B01E70FEE700E7B4A7 /* CustomTextView.m */ = {isa = PBXFileReference; fileEncoding = 4; lastKnownFileType = sourcecode.c.objc; path = CustomTextView.m; sourceTree = "<group>"; };
		AD38A8BA1E711DF200E7B4A7 /* ZJBNameViewController.h */ = {isa = PBXFileReference; fileEncoding = 4; lastKnownFileType = sourcecode.c.h; path = ZJBNameViewController.h; sourceTree = "<group>"; };
		AD38A8BB1E711DF200E7B4A7 /* ZJBNameViewController.m */ = {isa = PBXFileReference; fileEncoding = 4; lastKnownFileType = sourcecode.c.objc; path = ZJBNameViewController.m; sourceTree = "<group>"; };
		AD38A8BD1E711E8700E7B4A7 /* ZJBSexViewController.h */ = {isa = PBXFileReference; fileEncoding = 4; lastKnownFileType = sourcecode.c.h; path = ZJBSexViewController.h; sourceTree = "<group>"; };
		AD38A8BE1E711E8700E7B4A7 /* ZJBSexViewController.m */ = {isa = PBXFileReference; fileEncoding = 4; lastKnownFileType = sourcecode.c.objc; path = ZJBSexViewController.m; sourceTree = "<group>"; };
		AD38A8C01E711FCC00E7B4A7 /* ZJBAddressViewController.h */ = {isa = PBXFileReference; fileEncoding = 4; lastKnownFileType = sourcecode.c.h; path = ZJBAddressViewController.h; sourceTree = "<group>"; };
		AD38A8C11E711FCC00E7B4A7 /* ZJBAddressViewController.m */ = {isa = PBXFileReference; fileEncoding = 4; lastKnownFileType = sourcecode.c.objc; path = ZJBAddressViewController.m; sourceTree = "<group>"; };
		AD38A8C31E7120D000E7B4A7 /* ZJBIdCardViewController.h */ = {isa = PBXFileReference; fileEncoding = 4; lastKnownFileType = sourcecode.c.h; path = ZJBIdCardViewController.h; sourceTree = "<group>"; };
		AD38A8C41E7120D000E7B4A7 /* ZJBIdCardViewController.m */ = {isa = PBXFileReference; fileEncoding = 4; lastKnownFileType = sourcecode.c.objc; path = ZJBIdCardViewController.m; sourceTree = "<group>"; };
		AD4241391E7BB4C2000BDC2A /* ZJBMyRecordViewController.h */ = {isa = PBXFileReference; fileEncoding = 4; lastKnownFileType = sourcecode.c.h; path = ZJBMyRecordViewController.h; sourceTree = "<group>"; };
		AD42413A1E7BB4C2000BDC2A /* ZJBMyRecordViewController.m */ = {isa = PBXFileReference; fileEncoding = 4; lastKnownFileType = sourcecode.c.objc; path = ZJBMyRecordViewController.m; sourceTree = "<group>"; };
		AD4582621E84BA7D004D8646 /* ZJBPassWordViewController.h */ = {isa = PBXFileReference; fileEncoding = 4; lastKnownFileType = sourcecode.c.h; path = ZJBPassWordViewController.h; sourceTree = "<group>"; };
		AD4582631E84BA7D004D8646 /* ZJBPassWordViewController.m */ = {isa = PBXFileReference; fileEncoding = 4; lastKnownFileType = sourcecode.c.objc; path = ZJBPassWordViewController.m; sourceTree = "<group>"; };
		AD4582651E84BAA7004D8646 /* ZJBResetPwdViewController.h */ = {isa = PBXFileReference; fileEncoding = 4; lastKnownFileType = sourcecode.c.h; path = ZJBResetPwdViewController.h; sourceTree = "<group>"; };
		AD4582661E84BAA7004D8646 /* ZJBResetPwdViewController.m */ = {isa = PBXFileReference; fileEncoding = 4; lastKnownFileType = sourcecode.c.objc; path = ZJBResetPwdViewController.m; sourceTree = "<group>"; };
		AD4582681E84BADF004D8646 /* ZJBRegisterViewController.h */ = {isa = PBXFileReference; fileEncoding = 4; lastKnownFileType = sourcecode.c.h; path = ZJBRegisterViewController.h; sourceTree = "<group>"; };
		AD4582691E84BADF004D8646 /* ZJBRegisterViewController.m */ = {isa = PBXFileReference; fileEncoding = 4; lastKnownFileType = sourcecode.c.objc; path = ZJBRegisterViewController.m; sourceTree = "<group>"; };
		AD4AE83C1E7A31ED00687989 /* ZJBDynamicTableViewCell.h */ = {isa = PBXFileReference; fileEncoding = 4; lastKnownFileType = sourcecode.c.h; path = ZJBDynamicTableViewCell.h; sourceTree = "<group>"; };
		AD4AE83D1E7A31ED00687989 /* ZJBDynamicTableViewCell.m */ = {isa = PBXFileReference; fileEncoding = 4; lastKnownFileType = sourcecode.c.objc; path = ZJBDynamicTableViewCell.m; sourceTree = "<group>"; };
		AD4AE83E1E7A31ED00687989 /* ZJBDynamicTableViewCell.xib */ = {isa = PBXFileReference; fileEncoding = 4; lastKnownFileType = file.xib; path = ZJBDynamicTableViewCell.xib; sourceTree = "<group>"; };
		AD4AE8411E7A389B00687989 /* ZJBDynamic2TableViewCell.h */ = {isa = PBXFileReference; fileEncoding = 4; lastKnownFileType = sourcecode.c.h; path = ZJBDynamic2TableViewCell.h; sourceTree = "<group>"; };
		AD4AE8421E7A389B00687989 /* ZJBDynamic2TableViewCell.m */ = {isa = PBXFileReference; fileEncoding = 4; lastKnownFileType = sourcecode.c.objc; path = ZJBDynamic2TableViewCell.m; sourceTree = "<group>"; };
		AD4AE8431E7A389B00687989 /* ZJBDynamic2TableViewCell.xib */ = {isa = PBXFileReference; fileEncoding = 4; lastKnownFileType = file.xib; path = ZJBDynamic2TableViewCell.xib; sourceTree = "<group>"; };
		AD4AE8471E7A63B700687989 /* ZJBMyHonorViewController.h */ = {isa = PBXFileReference; fileEncoding = 4; lastKnownFileType = sourcecode.c.h; path = ZJBMyHonorViewController.h; sourceTree = "<group>"; };
		AD4AE8481E7A63B700687989 /* ZJBMyHonorViewController.m */ = {isa = PBXFileReference; fileEncoding = 4; lastKnownFileType = sourcecode.c.objc; path = ZJBMyHonorViewController.m; sourceTree = "<group>"; };
		AD4AE84B1E7A6B9600687989 /* ZJBApplicant.h */ = {isa = PBXFileReference; fileEncoding = 4; lastKnownFileType = sourcecode.c.h; path = ZJBApplicant.h; sourceTree = "<group>"; };
		AD4AE84C1E7A6B9600687989 /* ZJBApplicant.m */ = {isa = PBXFileReference; fileEncoding = 4; lastKnownFileType = sourcecode.c.objc; path = ZJBApplicant.m; sourceTree = "<group>"; };
		AD4AE84E1E7A87F100687989 /* ZJBApplicationContent.h */ = {isa = PBXFileReference; fileEncoding = 4; lastKnownFileType = sourcecode.c.h; path = ZJBApplicationContent.h; sourceTree = "<group>"; };
		AD4AE84F1E7A87F100687989 /* ZJBApplicationContent.m */ = {isa = PBXFileReference; fileEncoding = 4; lastKnownFileType = sourcecode.c.objc; path = ZJBApplicationContent.m; sourceTree = "<group>"; };
		AD4C51481E77B9AA0062B4A4 /* ZJBloodHomeViewController.h */ = {isa = PBXFileReference; fileEncoding = 4; lastKnownFileType = sourcecode.c.h; path = ZJBloodHomeViewController.h; sourceTree = "<group>"; };
		AD4C51491E77B9AA0062B4A4 /* ZJBloodHomeViewController.m */ = {isa = PBXFileReference; fileEncoding = 4; lastKnownFileType = sourcecode.c.objc; path = ZJBloodHomeViewController.m; sourceTree = "<group>"; };
		AD4C514B1E77BA760062B4A4 /* ZJBloodAskViewController.h */ = {isa = PBXFileReference; fileEncoding = 4; lastKnownFileType = sourcecode.c.h; path = ZJBloodAskViewController.h; sourceTree = "<group>"; };
		AD4C514C1E77BA760062B4A4 /* ZJBloodAskViewController.m */ = {isa = PBXFileReference; fileEncoding = 4; lastKnownFileType = sourcecode.c.objc; path = ZJBloodAskViewController.m; sourceTree = "<group>"; };
		AD4C514E1E77BAE70062B4A4 /* ZJBloodSearchViewController.h */ = {isa = PBXFileReference; fileEncoding = 4; lastKnownFileType = sourcecode.c.h; path = ZJBloodSearchViewController.h; sourceTree = "<group>"; };
		AD4C514F1E77BAE70062B4A4 /* ZJBloodSearchViewController.m */ = {isa = PBXFileReference; fileEncoding = 4; lastKnownFileType = sourcecode.c.objc; path = ZJBloodSearchViewController.m; sourceTree = "<group>"; };
		AD4C51511E77D1BF0062B4A4 /* ZJBloodHomeTableViewCell.h */ = {isa = PBXFileReference; fileEncoding = 4; lastKnownFileType = sourcecode.c.h; path = ZJBloodHomeTableViewCell.h; sourceTree = "<group>"; };
		AD4C51521E77D1BF0062B4A4 /* ZJBloodHomeTableViewCell.m */ = {isa = PBXFileReference; fileEncoding = 4; lastKnownFileType = sourcecode.c.objc; path = ZJBloodHomeTableViewCell.m; sourceTree = "<group>"; };
		AD4C51531E77D1BF0062B4A4 /* ZJBloodHomeTableViewCell.xib */ = {isa = PBXFileReference; fileEncoding = 4; lastKnownFileType = file.xib; path = ZJBloodHomeTableViewCell.xib; sourceTree = "<group>"; };
		AD4C51561E77F5080062B4A4 /* ZJBloodSearchTableViewCell.h */ = {isa = PBXFileReference; fileEncoding = 4; lastKnownFileType = sourcecode.c.h; path = ZJBloodSearchTableViewCell.h; sourceTree = "<group>"; };
		AD4C51571E77F5080062B4A4 /* ZJBloodSearchTableViewCell.m */ = {isa = PBXFileReference; fileEncoding = 4; lastKnownFileType = sourcecode.c.objc; path = ZJBloodSearchTableViewCell.m; sourceTree = "<group>"; };
		AD4C51581E77F5080062B4A4 /* ZJBloodSearchTableViewCell.xib */ = {isa = PBXFileReference; fileEncoding = 4; lastKnownFileType = file.xib; path = ZJBloodSearchTableViewCell.xib; sourceTree = "<group>"; };
		AD4CD7071E7F6EF500D0612E /* ZJBloodRecordCell.h */ = {isa = PBXFileReference; fileEncoding = 4; lastKnownFileType = sourcecode.c.h; path = ZJBloodRecordCell.h; sourceTree = "<group>"; };
		AD4CD7081E7F6EF500D0612E /* ZJBloodRecordCell.m */ = {isa = PBXFileReference; fileEncoding = 4; lastKnownFileType = sourcecode.c.objc; path = ZJBloodRecordCell.m; sourceTree = "<group>"; };
		AD4CD7091E7F6EF500D0612E /* ZJBloodRecordCell.xib */ = {isa = PBXFileReference; fileEncoding = 4; lastKnownFileType = file.xib; path = ZJBloodRecordCell.xib; sourceTree = "<group>"; };
		AD4CD70E1E7F885600D0612E /* ZJBMyCommendViewController.h */ = {isa = PBXFileReference; fileEncoding = 4; lastKnownFileType = sourcecode.c.h; path = ZJBMyCommendViewController.h; sourceTree = "<group>"; };
		AD4CD70F1E7F885600D0612E /* ZJBMyCommendViewController.m */ = {isa = PBXFileReference; fileEncoding = 4; lastKnownFileType = sourcecode.c.objc; path = ZJBMyCommendViewController.m; sourceTree = "<group>"; };
		AD4CD7121E7FB64400D0612E /* ZJBCommendView.h */ = {isa = PBXFileReference; fileEncoding = 4; lastKnownFileType = sourcecode.c.h; path = ZJBCommendView.h; sourceTree = "<group>"; };
		AD4CD7131E7FB64400D0612E /* ZJBCommendView.m */ = {isa = PBXFileReference; fileEncoding = 4; lastKnownFileType = sourcecode.c.objc; path = ZJBCommendView.m; sourceTree = "<group>"; };
		AD4CD7151E7FDB7D00D0612E /* ZJBComShowTableViewCell.h */ = {isa = PBXFileReference; fileEncoding = 4; lastKnownFileType = sourcecode.c.h; path = ZJBComShowTableViewCell.h; sourceTree = "<group>"; };
		AD4CD7161E7FDB7D00D0612E /* ZJBComShowTableViewCell.m */ = {isa = PBXFileReference; fileEncoding = 4; lastKnownFileType = sourcecode.c.objc; path = ZJBComShowTableViewCell.m; sourceTree = "<group>"; };
		AD4CD7191E7FDF2400D0612E /* ZJBApplyHonorVC.h */ = {isa = PBXFileReference; fileEncoding = 4; lastKnownFileType = sourcecode.c.h; path = ZJBApplyHonorVC.h; sourceTree = "<group>"; };
		AD4CD71A1E7FDF2400D0612E /* ZJBApplyHonorVC.m */ = {isa = PBXFileReference; fileEncoding = 4; lastKnownFileType = sourcecode.c.objc; path = ZJBApplyHonorVC.m; sourceTree = "<group>"; };
		AD4D79FB1E723A3A00C14A56 /* ZJBClickView.h */ = {isa = PBXFileReference; fileEncoding = 4; lastKnownFileType = sourcecode.c.h; path = ZJBClickView.h; sourceTree = "<group>"; };
		AD4D79FC1E723A3A00C14A56 /* ZJBClickView.m */ = {isa = PBXFileReference; fileEncoding = 4; lastKnownFileType = sourcecode.c.objc; path = ZJBClickView.m; sourceTree = "<group>"; };
		AD4D7A011E7275A900C14A56 /* ZJBServiceTableView.h */ = {isa = PBXFileReference; fileEncoding = 4; lastKnownFileType = sourcecode.c.h; path = ZJBServiceTableView.h; sourceTree = "<group>"; };
		AD4D7A021E7275A900C14A56 /* ZJBServiceTableView.m */ = {isa = PBXFileReference; fileEncoding = 4; lastKnownFileType = sourcecode.c.objc; path = ZJBServiceTableView.m; sourceTree = "<group>"; };
		AD4D7A041E72807A00C14A56 /* ZJBConfigPhoneStyle.h */ = {isa = PBXFileReference; fileEncoding = 4; lastKnownFileType = sourcecode.c.h; path = ZJBConfigPhoneStyle.h; sourceTree = "<group>"; };
		AD4D7A051E72807A00C14A56 /* ZJBConfigPhoneStyle.m */ = {isa = PBXFileReference; fileEncoding = 4; lastKnownFileType = sourcecode.c.objc; path = ZJBConfigPhoneStyle.m; sourceTree = "<group>"; };
		AD5ED4841E810D4E00D59AC5 /* ZJBHonorOneViewController.h */ = {isa = PBXFileReference; fileEncoding = 4; lastKnownFileType = sourcecode.c.h; path = ZJBHonorOneViewController.h; sourceTree = "<group>"; };
		AD5ED4851E810D4E00D59AC5 /* ZJBHonorOneViewController.m */ = {isa = PBXFileReference; fileEncoding = 4; lastKnownFileType = sourcecode.c.objc; path = ZJBHonorOneViewController.m; sourceTree = "<group>"; };
		AD5ED4871E810D5D00D59AC5 /* ZJBHonorTwoViewController.h */ = {isa = PBXFileReference; fileEncoding = 4; lastKnownFileType = sourcecode.c.h; path = ZJBHonorTwoViewController.h; sourceTree = "<group>"; };
		AD5ED4881E810D5D00D59AC5 /* ZJBHonorTwoViewController.m */ = {isa = PBXFileReference; fileEncoding = 4; lastKnownFileType = sourcecode.c.objc; path = ZJBHonorTwoViewController.m; sourceTree = "<group>"; };
		AD5ED48A1E810D6E00D59AC5 /* ZJBHonorThreeViewController.h */ = {isa = PBXFileReference; fileEncoding = 4; lastKnownFileType = sourcecode.c.h; path = ZJBHonorThreeViewController.h; sourceTree = "<group>"; };
		AD5ED48B1E810D6E00D59AC5 /* ZJBHonorThreeViewController.m */ = {isa = PBXFileReference; fileEncoding = 4; lastKnownFileType = sourcecode.c.objc; path = ZJBHonorThreeViewController.m; sourceTree = "<group>"; };
		AD5ED48D1E810D8300D59AC5 /* ZJBHonorFourViewController.h */ = {isa = PBXFileReference; fileEncoding = 4; lastKnownFileType = sourcecode.c.h; path = ZJBHonorFourViewController.h; sourceTree = "<group>"; };
		AD5ED48E1E810D8300D59AC5 /* ZJBHonorFourViewController.m */ = {isa = PBXFileReference; fileEncoding = 4; lastKnownFileType = sourcecode.c.objc; path = ZJBHonorFourViewController.m; sourceTree = "<group>"; };
		AD5ED4901E810D9200D59AC5 /* ZJBHonorFiveViewController.h */ = {isa = PBXFileReference; fileEncoding = 4; lastKnownFileType = sourcecode.c.h; path = ZJBHonorFiveViewController.h; sourceTree = "<group>"; };
		AD5ED4911E810D9200D59AC5 /* ZJBHonorFiveViewController.m */ = {isa = PBXFileReference; fileEncoding = 4; lastKnownFileType = sourcecode.c.objc; path = ZJBHonorFiveViewController.m; sourceTree = "<group>"; };
		AD7AEFFC1E78D7AB002D4C01 /* ZJBloodLoveTableViewCell.h */ = {isa = PBXFileReference; fileEncoding = 4; lastKnownFileType = sourcecode.c.h; path = ZJBloodLoveTableViewCell.h; sourceTree = "<group>"; };
		AD7AEFFD1E78D7AB002D4C01 /* ZJBloodLoveTableViewCell.m */ = {isa = PBXFileReference; fileEncoding = 4; lastKnownFileType = sourcecode.c.objc; path = ZJBloodLoveTableViewCell.m; sourceTree = "<group>"; };
		AD7AEFFE1E78D7AB002D4C01 /* ZJBloodLoveTableViewCell.xib */ = {isa = PBXFileReference; fileEncoding = 4; lastKnownFileType = file.xib; path = ZJBloodLoveTableViewCell.xib; sourceTree = "<group>"; };
		AD7AF0011E790DD2002D4C01 /* ZJBSearchBarViewController.h */ = {isa = PBXFileReference; fileEncoding = 4; lastKnownFileType = sourcecode.c.h; path = ZJBSearchBarViewController.h; sourceTree = "<group>"; };
		AD7AF0021E790DD2002D4C01 /* ZJBSearchBarViewController.m */ = {isa = PBXFileReference; fileEncoding = 4; lastKnownFileType = sourcecode.c.objc; path = ZJBSearchBarViewController.m; sourceTree = "<group>"; };
		AD7AF0051E793022002D4C01 /* ZJBInofTableViewCell.h */ = {isa = PBXFileReference; fileEncoding = 4; lastKnownFileType = sourcecode.c.h; path = ZJBInofTableViewCell.h; sourceTree = "<group>"; };
		AD7AF0061E793022002D4C01 /* ZJBInofTableViewCell.m */ = {isa = PBXFileReference; fileEncoding = 4; lastKnownFileType = sourcecode.c.objc; path = ZJBInofTableViewCell.m; sourceTree = "<group>"; };
		AD7AF0071E793022002D4C01 /* ZJBInofTableViewCell.xib */ = {isa = PBXFileReference; fileEncoding = 4; lastKnownFileType = file.xib; path = ZJBInofTableViewCell.xib; sourceTree = "<group>"; };
		AD7AF00B1E793B6B002D4C01 /* ZJBInfoTableViewController.h */ = {isa = PBXFileReference; fileEncoding = 4; lastKnownFileType = sourcecode.c.h; path = ZJBInfoTableViewController.h; sourceTree = "<group>"; };
		AD7AF00C1E793B6B002D4C01 /* ZJBInfoTableViewController.m */ = {isa = PBXFileReference; fileEncoding = 4; lastKnownFileType = sourcecode.c.objc; path = ZJBInfoTableViewController.m; sourceTree = "<group>"; };
		AD7AF00E1E793B8D002D4C01 /* ZJBPolicyTableViewController.h */ = {isa = PBXFileReference; fileEncoding = 4; lastKnownFileType = sourcecode.c.h; path = ZJBPolicyTableViewController.h; sourceTree = "<group>"; };
		AD7AF00F1E793B8D002D4C01 /* ZJBPolicyTableViewController.m */ = {isa = PBXFileReference; fileEncoding = 4; lastKnownFileType = sourcecode.c.objc; path = ZJBPolicyTableViewController.m; sourceTree = "<group>"; };
		AD7AF0111E793BA0002D4C01 /* ZJBLoveTableViewController.h */ = {isa = PBXFileReference; fileEncoding = 4; lastKnownFileType = sourcecode.c.h; path = ZJBLoveTableViewController.h; sourceTree = "<group>"; };
		AD7AF0121E793BA0002D4C01 /* ZJBLoveTableViewController.m */ = {isa = PBXFileReference; fileEncoding = 4; lastKnownFileType = sourcecode.c.objc; path = ZJBLoveTableViewController.m; sourceTree = "<group>"; };
		AD91A1191E7E74500018EF59 /* ZJBReviewTableViewController.h */ = {isa = PBXFileReference; fileEncoding = 4; lastKnownFileType = sourcecode.c.h; path = ZJBReviewTableViewController.h; sourceTree = "<group>"; };
		AD91A11A1E7E74500018EF59 /* ZJBReviewTableViewController.m */ = {isa = PBXFileReference; fileEncoding = 4; lastKnownFileType = sourcecode.c.objc; path = ZJBReviewTableViewController.m; sourceTree = "<group>"; };
		AD91A1221E7E77150018EF59 /* ZJBAlreadyTableViewController.h */ = {isa = PBXFileReference; fileEncoding = 4; lastKnownFileType = sourcecode.c.h; path = ZJBAlreadyTableViewController.h; sourceTree = "<group>"; };
		AD91A1231E7E77150018EF59 /* ZJBAlreadyTableViewController.m */ = {isa = PBXFileReference; fileEncoding = 4; lastKnownFileType = sourcecode.c.objc; path = ZJBAlreadyTableViewController.m; sourceTree = "<group>"; };
		AD91A1251E7E77480018EF59 /* ZJBWholeTableViewController.h */ = {isa = PBXFileReference; fileEncoding = 4; lastKnownFileType = sourcecode.c.h; path = ZJBWholeTableViewController.h; sourceTree = "<group>"; };
		AD91A1261E7E77480018EF59 /* ZJBWholeTableViewController.m */ = {isa = PBXFileReference; fileEncoding = 4; lastKnownFileType = sourcecode.c.objc; path = ZJBWholeTableViewController.m; sourceTree = "<group>"; };
		AD92FE6E1E85082700E7AA6E /* ZJBPrivacyViewController.h */ = {isa = PBXFileReference; fileEncoding = 4; lastKnownFileType = sourcecode.c.h; path = ZJBPrivacyViewController.h; sourceTree = "<group>"; };
		AD92FE6F1E85082700E7AA6E /* ZJBPrivacyViewController.m */ = {isa = PBXFileReference; fileEncoding = 4; lastKnownFileType = sourcecode.c.objc; path = ZJBPrivacyViewController.m; sourceTree = "<group>"; };
		AD92FE711E85085100E7AA6E /* ZJBVersionsViewController.h */ = {isa = PBXFileReference; fileEncoding = 4; lastKnownFileType = sourcecode.c.h; path = ZJBVersionsViewController.h; sourceTree = "<group>"; };
		AD92FE721E85085100E7AA6E /* ZJBVersionsViewController.m */ = {isa = PBXFileReference; fileEncoding = 4; lastKnownFileType = sourcecode.c.objc; path = ZJBVersionsViewController.m; sourceTree = "<group>"; };
		AD92FE741E85088700E7AA6E /* ZJBAboutOursViewController.h */ = {isa = PBXFileReference; fileEncoding = 4; lastKnownFileType = sourcecode.c.h; path = ZJBAboutOursViewController.h; sourceTree = "<group>"; };
		AD92FE751E85088700E7AA6E /* ZJBAboutOursViewController.m */ = {isa = PBXFileReference; fileEncoding = 4; lastKnownFileType = sourcecode.c.objc; path = ZJBAboutOursViewController.m; sourceTree = "<group>"; };
		ADBFDF7E1E6E8827000358E0 /* ZJBServiceViewController.h */ = {isa = PBXFileReference; fileEncoding = 4; lastKnownFileType = sourcecode.c.h; path = ZJBServiceViewController.h; sourceTree = "<group>"; };
		ADBFDF7F1E6E8827000358E0 /* ZJBServiceViewController.m */ = {isa = PBXFileReference; fileEncoding = 4; lastKnownFileType = sourcecode.c.objc; path = ZJBServiceViewController.m; sourceTree = "<group>"; };
		ADBFDF811E6E8842000358E0 /* ZJBInformationViewController.h */ = {isa = PBXFileReference; fileEncoding = 4; lastKnownFileType = sourcecode.c.h; path = ZJBInformationViewController.h; sourceTree = "<group>"; };
		ADBFDF821E6E8842000358E0 /* ZJBInformationViewController.m */ = {isa = PBXFileReference; fileEncoding = 4; lastKnownFileType = sourcecode.c.objc; path = ZJBInformationViewController.m; sourceTree = "<group>"; };
		ADBFDF841E6E8855000358E0 /* ZJBPersonViewController.h */ = {isa = PBXFileReference; fileEncoding = 4; lastKnownFileType = sourcecode.c.h; path = ZJBPersonViewController.h; sourceTree = "<group>"; };
		ADBFDF851E6E8855000358E0 /* ZJBPersonViewController.m */ = {isa = PBXFileReference; fileEncoding = 4; lastKnownFileType = sourcecode.c.objc; path = ZJBPersonViewController.m; sourceTree = "<group>"; };
		ADBFE2ED1E71A4ED0004767D /* images.xcassets */ = {isa = PBXFileReference; lastKnownFileType = folder.assetcatalog; path = images.xcassets; sourceTree = "<group>"; };
		ADD0654C1E76A87B0026F680 /* ZJBloodRecTableViewCell.h */ = {isa = PBXFileReference; fileEncoding = 4; lastKnownFileType = sourcecode.c.h; path = ZJBloodRecTableViewCell.h; sourceTree = "<group>"; };
		ADD0654D1E76A87B0026F680 /* ZJBloodRecTableViewCell.m */ = {isa = PBXFileReference; fileEncoding = 4; lastKnownFileType = sourcecode.c.objc; path = ZJBloodRecTableViewCell.m; sourceTree = "<group>"; };
		ADD0654E1E76A87B0026F680 /* ZJBloodRecTableViewCell.xib */ = {isa = PBXFileReference; fileEncoding = 4; lastKnownFileType = file.xib; path = ZJBloodRecTableViewCell.xib; sourceTree = "<group>"; };
		ADD325991E828D1500649D72 /* ZJBCalendarView.h */ = {isa = PBXFileReference; fileEncoding = 4; lastKnownFileType = sourcecode.c.h; path = ZJBCalendarView.h; sourceTree = "<group>"; };
		ADD3259A1E828D1500649D72 /* ZJBCalendarView.m */ = {isa = PBXFileReference; fileEncoding = 4; lastKnownFileType = sourcecode.c.objc; path = ZJBCalendarView.m; sourceTree = "<group>"; };
		ADE7B66E1E88A66B00F9B622 /* ZJBNetClient.h */ = {isa = PBXFileReference; fileEncoding = 4; lastKnownFileType = sourcecode.c.h; path = ZJBNetClient.h; sourceTree = "<group>"; };
		ADE7B66F1E88A66B00F9B622 /* ZJBNetClient.m */ = {isa = PBXFileReference; fileEncoding = 4; lastKnownFileType = sourcecode.c.objc; path = ZJBNetClient.m; sourceTree = "<group>"; };
		ADE7B6711E88B0CA00F9B622 /* ZJBAFNManager.h */ = {isa = PBXFileReference; fileEncoding = 4; lastKnownFileType = sourcecode.c.h; path = ZJBAFNManager.h; sourceTree = "<group>"; };
		ADE7B6721E88B0CA00F9B622 /* ZJBAFNManager.m */ = {isa = PBXFileReference; fileEncoding = 4; lastKnownFileType = sourcecode.c.objc; path = ZJBAFNManager.m; sourceTree = "<group>"; };
		ADF06BFA1E6EB89B00E9A0F8 /* CPersonView.h */ = {isa = PBXFileReference; fileEncoding = 4; lastKnownFileType = sourcecode.c.h; path = CPersonView.h; sourceTree = "<group>"; };
		ADF06BFB1E6EB89B00E9A0F8 /* CPersonView.m */ = {isa = PBXFileReference; fileEncoding = 4; lastKnownFileType = sourcecode.c.objc; path = CPersonView.m; sourceTree = "<group>"; };
		ADF06BFE1E6EC53600E9A0F8 /* ZJBPch.pch */ = {isa = PBXFileReference; lastKnownFileType = sourcecode.c.h; path = ZJBPch.pch; sourceTree = "<group>"; };
		E94A8FE1001C3F069F14C006 /* Pods-Zjblood.release.xcconfig */ = {isa = PBXFileReference; includeInIndex = 1; lastKnownFileType = text.xcconfig; name = "Pods-Zjblood.release.xcconfig"; path = "Pods/Target Support Files/Pods-Zjblood/Pods-Zjblood.release.xcconfig"; sourceTree = "<group>"; };
/* End PBXFileReference section */

/* Begin PBXFrameworksBuildPhase section */
		AD15FDE31E6E66F000F31F1B /* Frameworks */ = {
			isa = PBXFrameworksBuildPhase;
			buildActionMask = 2147483647;
			files = (
				AD3597C71E8361290055E15D /* CoreLocation.framework in Frameworks */,
				AD3597C51E8361000055E15D /* MapKit.framework in Frameworks */,
				5A1D5808F3999FB7533E495D /* libPods-Zjblood.a in Frameworks */,
			);
			runOnlyForDeploymentPostprocessing = 0;
		};
		AD15FDFC1E6E66F000F31F1B /* Frameworks */ = {
			isa = PBXFrameworksBuildPhase;
			buildActionMask = 2147483647;
			files = (
			);
			runOnlyForDeploymentPostprocessing = 0;
		};
		AD15FE071E6E66F100F31F1B /* Frameworks */ = {
			isa = PBXFrameworksBuildPhase;
			buildActionMask = 2147483647;
			files = (
			);
			runOnlyForDeploymentPostprocessing = 0;
		};
/* End PBXFrameworksBuildPhase section */

/* Begin PBXGroup section */
		119FB7BE7848B4331CEAA01F /* Frameworks */ = {
			isa = PBXGroup;
			children = (
				AD3597C61E8361290055E15D /* CoreLocation.framework */,
				AD3597C41E8361000055E15D /* MapKit.framework */,
				6E4F538DFBEBDFBB081FB5B6 /* libPods-Zjblood.a */,
			);
			name = Frameworks;
			sourceTree = "<group>";
		};
		1A3CDAEF836C68EA6795E292 /* Pods */ = {
			isa = PBXGroup;
			children = (
				510076145357607983E2F2A2 /* Pods-Zjblood.debug.xcconfig */,
				E94A8FE1001C3F069F14C006 /* Pods-Zjblood.release.xcconfig */,
			);
			name = Pods;
			sourceTree = "<group>";
		};
		AD027EAD1E8169CB0093077C /* view */ = {
			isa = PBXGroup;
			children = (
				AD027EAE1E816EA20093077C /* ZJBHonorAlertView.h */,
				AD027EAF1E816EA20093077C /* ZJBHonorAlertView.m */,
			);
			name = view;
			sourceTree = "<group>";
		};
		AD15FDDD1E6E66F000F31F1B = {
			isa = PBXGroup;
			children = (
				AD15FDE81E6E66F000F31F1B /* Zjblood */,
				AD15FE021E6E66F100F31F1B /* ZjbloodTests */,
				AD15FE0D1E6E66F100F31F1B /* ZjbloodUITests */,
				AD15FDE71E6E66F000F31F1B /* Products */,
				1A3CDAEF836C68EA6795E292 /* Pods */,
				119FB7BE7848B4331CEAA01F /* Frameworks */,
			);
			sourceTree = "<group>";
		};
		AD15FDE71E6E66F000F31F1B /* Products */ = {
			isa = PBXGroup;
			children = (
				AD15FDE61E6E66F000F31F1B /* Zjblood.app */,
				AD15FDFF1E6E66F000F31F1B /* ZjbloodTests.xctest */,
				AD15FE0A1E6E66F100F31F1B /* ZjbloodUITests.xctest */,
			);
			name = Products;
			sourceTree = "<group>";
		};
		AD15FDE81E6E66F000F31F1B /* Zjblood */ = {
			isa = PBXGroup;
			children = (
				AD4582611E84B9B8004D8646 /* LogoinView */,
				AD15FDEC1E6E66F000F31F1B /* AppDelegate.h */,
				AD15FDED1E6E66F000F31F1B /* AppDelegate.m */,
				AD15FE201E6E83B300F31F1B /* BaseViewController.h */,
				AD15FE211E6E83B300F31F1B /* BaseViewController.m */,
				AD15FE1D1E6E835C00F31F1B /* Class */,
				AD15FE1E1E6E835C00F31F1B /* Tool */,
				AD15FE1F1E6E835C00F31F1B /* Resource */,
				AD15FDF71E6E66F000F31F1B /* LaunchScreen.storyboard */,
				AD15FDE91E6E66F000F31F1B /* Supporting Files */,
			);
			path = Zjblood;
			sourceTree = "<group>";
		};
		AD15FDE91E6E66F000F31F1B /* Supporting Files */ = {
			isa = PBXGroup;
			children = (
				AD15FDEA1E6E66F000F31F1B /* main.m */,
			);
			name = "Supporting Files";
			sourceTree = "<group>";
		};
		AD15FE021E6E66F100F31F1B /* ZjbloodTests */ = {
			isa = PBXGroup;
			children = (
				AD15FE031E6E66F100F31F1B /* ZjbloodTests.m */,
				AD15FE051E6E66F100F31F1B /* Info.plist */,
			);
			path = ZjbloodTests;
			sourceTree = "<group>";
		};
		AD15FE0D1E6E66F100F31F1B /* ZjbloodUITests */ = {
			isa = PBXGroup;
			children = (
				AD15FE0E1E6E66F100F31F1B /* ZjbloodUITests.m */,
				AD15FE101E6E66F100F31F1B /* Info.plist */,
			);
			path = ZjbloodUITests;
			sourceTree = "<group>";
		};
		AD15FE1D1E6E835C00F31F1B /* Class */ = {
			isa = PBXGroup;
			children = (
				ADBFDF7B1E6E87A0000358E0 /* Service */,
				ADBFDF7C1E6E87AF000358E0 /* Information */,
				ADBFDF7D1E6E87E4000358E0 /* Person */,
			);
			path = Class;
			sourceTree = "<group>";
		};
		AD15FE1E1E6E835C00F31F1B /* Tool */ = {
			isa = PBXGroup;
			children = (
				ADF06BFE1E6EC53600E9A0F8 /* ZJBPch.pch */,
				AD4D7A041E72807A00C14A56 /* ZJBConfigPhoneStyle.h */,
				AD4D7A051E72807A00C14A56 /* ZJBConfigPhoneStyle.m */,
				ADE7B6711E88B0CA00F9B622 /* ZJBAFNManager.h */,
				ADE7B6721E88B0CA00F9B622 /* ZJBAFNManager.m */,
				ADE7B66E1E88A66B00F9B622 /* ZJBNetClient.h */,
				ADE7B66F1E88A66B00F9B622 /* ZJBNetClient.m */,
			);
			name = Tool;
			path = Config;
			sourceTree = "<group>";
		};
		AD15FE1F1E6E835C00F31F1B /* Resource */ = {
			isa = PBXGroup;
			children = (
				AD15FDFA1E6E66F000F31F1B /* Info.plist */,
				ADBFE2ED1E71A4ED0004767D /* images.xcassets */,
			);
			path = Resource;
			sourceTree = "<group>";
		};
		AD2400591E83A7D300ECA670 /* View */ = {
			isa = PBXGroup;
			children = (
				AD2400561E83A7C600ECA670 /* ZJBMapView.h */,
				AD2400571E83A7C600ECA670 /* ZJBMapView.m */,
				AD24005A1E83B81E00ECA670 /* ZJBMapTableViewCell.h */,
				AD24005B1E83B81E00ECA670 /* ZJBMapTableViewCell.m */,
				AD24005C1E83B81E00ECA670 /* ZJBMapTableViewCell.xib */,
			);
			name = View;
			sourceTree = "<group>";
		};
		AD2400601E83C56200ECA670 /* Commend */ = {
			isa = PBXGroup;
			children = (
			);
			name = Commend;
			sourceTree = "<group>";
		};
		AD28F0151E76871A005E41B5 /* ViewController */ = {
			isa = PBXGroup;
			children = (
				AD2400591E83A7D300ECA670 /* View */,
				AD28F0161E768784005E41B5 /* ZJBloodRecordViewController.h */,
				AD28F0171E768784005E41B5 /* ZJBloodRecordViewController.m */,
				AD28F0191E769F79005E41B5 /* ZJBloodResultViewController.h */,
				AD28F01A1E769F79005E41B5 /* ZJBloodResultViewController.m */,
				AD4C51481E77B9AA0062B4A4 /* ZJBloodHomeViewController.h */,
				AD4C51491E77B9AA0062B4A4 /* ZJBloodHomeViewController.m */,
				AD4C514B1E77BA760062B4A4 /* ZJBloodAskViewController.h */,
				AD4C514C1E77BA760062B4A4 /* ZJBloodAskViewController.m */,
				AD4C514E1E77BAE70062B4A4 /* ZJBloodSearchViewController.h */,
				AD4C514F1E77BAE70062B4A4 /* ZJBloodSearchViewController.m */,
				AD7AF0011E790DD2002D4C01 /* ZJBSearchBarViewController.h */,
				AD7AF0021E790DD2002D4C01 /* ZJBSearchBarViewController.m */,
			);
			name = ViewController;
			sourceTree = "<group>";
		};
		AD38A8B21E71060700E7B4A7 /* MyDataView */ = {
			isa = PBXGroup;
			children = (
				AD2926F61E6FDDF700FBAEF8 /* ZJBMyDataTableViewController.h */,
				AD2926F71E6FDDF700FBAEF8 /* ZJBMyDataTableViewController.m */,
				AD38A8BA1E711DF200E7B4A7 /* ZJBNameViewController.h */,
				AD38A8BB1E711DF200E7B4A7 /* ZJBNameViewController.m */,
				AD38A8BD1E711E8700E7B4A7 /* ZJBSexViewController.h */,
				AD38A8BE1E711E8700E7B4A7 /* ZJBSexViewController.m */,
				AD38A8C31E7120D000E7B4A7 /* ZJBIdCardViewController.h */,
				AD38A8C41E7120D000E7B4A7 /* ZJBIdCardViewController.m */,
				AD38A8C01E711FCC00E7B4A7 /* ZJBAddressViewController.h */,
				AD38A8C11E711FCC00E7B4A7 /* ZJBAddressViewController.m */,
			);
			name = MyDataView;
			sourceTree = "<group>";
		};
		AD38A8B31E71064500E7B4A7 /* SystemSetView */ = {
			isa = PBXGroup;
			children = (
				AD2926F91E6FDE3500FBAEF8 /* ZJBSystenSettingViewController.h */,
				AD2926FA1E6FDE3500FBAEF8 /* ZJBSystenSettingViewController.m */,
				AD92FE6D1E8507F100E7AA6E /* ChildViewController */,
			);
			name = SystemSetView;
			sourceTree = "<group>";
		};
		AD38A8B41E7106BC00E7B4A7 /* MyMessageView */ = {
			isa = PBXGroup;
			children = (
				AD4AE83B1E7A31A200687989 /* cell */,
				AD2926F31E6FDDB800FBAEF8 /* ZJBMyMessageViewController.h */,
				AD2926F41E6FDDB800FBAEF8 /* ZJBMyMessageViewController.m */,
			);
			name = MyMessageView;
			sourceTree = "<group>";
		};
		AD38A8B51E7106D500E7B4A7 /* FeedBackView */ = {
			isa = PBXGroup;
			children = (
				AD2926FC1E6FDE7100FBAEF8 /* ZJBFeedBackViewController.h */,
				AD2926FD1E6FDE7100FBAEF8 /* ZJBFeedBackViewController.m */,
			);
			name = FeedBackView;
			sourceTree = "<group>";
		};
		AD38A8B61E71076000E7B4A7 /* MyShareView */ = {
			isa = PBXGroup;
			children = (
			);
			name = MyShareView;
			sourceTree = "<group>";
		};
		AD4241381E7BB43B000BDC2A /* MyRecord */ = {
			isa = PBXGroup;
			children = (
				AD91A1281E7E78AC0018EF59 /* cell */,
				AD4241391E7BB4C2000BDC2A /* ZJBMyRecordViewController.h */,
				AD42413A1E7BB4C2000BDC2A /* ZJBMyRecordViewController.m */,
				AD91A1191E7E74500018EF59 /* ZJBReviewTableViewController.h */,
				AD91A11A1E7E74500018EF59 /* ZJBReviewTableViewController.m */,
				AD91A1221E7E77150018EF59 /* ZJBAlreadyTableViewController.h */,
				AD91A1231E7E77150018EF59 /* ZJBAlreadyTableViewController.m */,
				AD91A1251E7E77480018EF59 /* ZJBWholeTableViewController.h */,
				AD91A1261E7E77480018EF59 /* ZJBWholeTableViewController.m */,
			);
			name = MyRecord;
			sourceTree = "<group>";
		};
		AD4582611E84B9B8004D8646 /* LogoinView */ = {
			isa = PBXGroup;
			children = (
				AD28F0121E76687E005E41B5 /* ZJBLoginViewController.h */,
				AD28F0131E76687E005E41B5 /* ZJBLoginViewController.m */,
				AD4582621E84BA7D004D8646 /* ZJBPassWordViewController.h */,
				AD4582631E84BA7D004D8646 /* ZJBPassWordViewController.m */,
				AD4582651E84BAA7004D8646 /* ZJBResetPwdViewController.h */,
				AD4582661E84BAA7004D8646 /* ZJBResetPwdViewController.m */,
				AD4582681E84BADF004D8646 /* ZJBRegisterViewController.h */,
				AD4582691E84BADF004D8646 /* ZJBRegisterViewController.m */,
			);
			name = LogoinView;
			sourceTree = "<group>";
		};
		AD4AE83B1E7A31A200687989 /* cell */ = {
			isa = PBXGroup;
			children = (
				AD4AE83C1E7A31ED00687989 /* ZJBDynamicTableViewCell.h */,
				AD4AE83D1E7A31ED00687989 /* ZJBDynamicTableViewCell.m */,
				AD4AE83E1E7A31ED00687989 /* ZJBDynamicTableViewCell.xib */,
				AD4AE8411E7A389B00687989 /* ZJBDynamic2TableViewCell.h */,
				AD4AE8421E7A389B00687989 /* ZJBDynamic2TableViewCell.m */,
				AD4AE8431E7A389B00687989 /* ZJBDynamic2TableViewCell.xib */,
			);
			name = cell;
			sourceTree = "<group>";
		};
		AD4AE8461E7A637800687989 /* MyHonor */ = {
			isa = PBXGroup;
			children = (
				AD4AE84A1E7A6B3600687989 /* view */,
				AD4AE8471E7A63B700687989 /* ZJBMyHonorViewController.h */,
				AD4AE8481E7A63B700687989 /* ZJBMyHonorViewController.m */,
			);
			name = MyHonor;
			sourceTree = "<group>";
		};
		AD4AE84A1E7A6B3600687989 /* view */ = {
			isa = PBXGroup;
			children = (
				AD4AE84B1E7A6B9600687989 /* ZJBApplicant.h */,
				AD4AE84C1E7A6B9600687989 /* ZJBApplicant.m */,
				AD4AE84E1E7A87F100687989 /* ZJBApplicationContent.h */,
				AD4AE84F1E7A87F100687989 /* ZJBApplicationContent.m */,
			);
			name = view;
			sourceTree = "<group>";
		};
		AD4CD70D1E7F87A700D0612E /* MyCommend */ = {
			isa = PBXGroup;
			children = (
				AD4CD7111E7FB61D00D0612E /* view */,
				AD4CD70E1E7F885600D0612E /* ZJBMyCommendViewController.h */,
				AD4CD70F1E7F885600D0612E /* ZJBMyCommendViewController.m */,
			);
			name = MyCommend;
			sourceTree = "<group>";
		};
		AD4CD7111E7FB61D00D0612E /* view */ = {
			isa = PBXGroup;
			children = (
				AD4CD7121E7FB64400D0612E /* ZJBCommendView.h */,
				AD4CD7131E7FB64400D0612E /* ZJBCommendView.m */,
				AD4CD7151E7FDB7D00D0612E /* ZJBComShowTableViewCell.h */,
				AD4CD7161E7FDB7D00D0612E /* ZJBComShowTableViewCell.m */,
			);
			name = view;
			sourceTree = "<group>";
		};
		AD4CD7181E7FDE4400D0612E /* Honor */ = {
			isa = PBXGroup;
			children = (
				AD4CD7191E7FDF2400D0612E /* ZJBApplyHonorVC.h */,
				AD4CD71A1E7FDF2400D0612E /* ZJBApplyHonorVC.m */,
				AD5ED4831E810D1D00D59AC5 /* ChildViewController */,
			);
			name = Honor;
			sourceTree = "<group>";
		};
		AD4D79FA1E72397D00C14A56 /* View */ = {
			isa = PBXGroup;
			children = (
				AD4D79FB1E723A3A00C14A56 /* ZJBClickView.h */,
				AD4D79FC1E723A3A00C14A56 /* ZJBClickView.m */,
				AD4D7A011E7275A900C14A56 /* ZJBServiceTableView.h */,
				AD4D7A021E7275A900C14A56 /* ZJBServiceTableView.m */,
				AD28F00F1E762FEA005E41B5 /* ZJBAlertView.h */,
				AD28F0101E762FEA005E41B5 /* ZJBAlertView.m */,
				ADD325991E828D1500649D72 /* ZJBCalendarView.h */,
				ADD3259A1E828D1500649D72 /* ZJBCalendarView.m */,
			);
			name = View;
			sourceTree = "<group>";
		};
		AD5ED4831E810D1D00D59AC5 /* ChildViewController */ = {
			isa = PBXGroup;
			children = (
				AD027EAD1E8169CB0093077C /* view */,
				AD5ED4841E810D4E00D59AC5 /* ZJBHonorOneViewController.h */,
				AD5ED4851E810D4E00D59AC5 /* ZJBHonorOneViewController.m */,
				AD5ED4871E810D5D00D59AC5 /* ZJBHonorTwoViewController.h */,
				AD5ED4881E810D5D00D59AC5 /* ZJBHonorTwoViewController.m */,
				AD5ED48A1E810D6E00D59AC5 /* ZJBHonorThreeViewController.h */,
				AD5ED48B1E810D6E00D59AC5 /* ZJBHonorThreeViewController.m */,
				AD5ED48D1E810D8300D59AC5 /* ZJBHonorFourViewController.h */,
				AD5ED48E1E810D8300D59AC5 /* ZJBHonorFourViewController.m */,
				AD5ED4901E810D9200D59AC5 /* ZJBHonorFiveViewController.h */,
				AD5ED4911E810D9200D59AC5 /* ZJBHonorFiveViewController.m */,
			);
			name = ChildViewController;
			sourceTree = "<group>";
		};
		AD7A2C881E76EFC800E1D95A /* cell */ = {
			isa = PBXGroup;
			children = (
				ADD0654C1E76A87B0026F680 /* ZJBloodRecTableViewCell.h */,
				ADD0654D1E76A87B0026F680 /* ZJBloodRecTableViewCell.m */,
				ADD0654E1E76A87B0026F680 /* ZJBloodRecTableViewCell.xib */,
				AD7AEFFC1E78D7AB002D4C01 /* ZJBloodLoveTableViewCell.h */,
				AD7AEFFD1E78D7AB002D4C01 /* ZJBloodLoveTableViewCell.m */,
				AD7AEFFE1E78D7AB002D4C01 /* ZJBloodLoveTableViewCell.xib */,
				AD4C51511E77D1BF0062B4A4 /* ZJBloodHomeTableViewCell.h */,
				AD4C51521E77D1BF0062B4A4 /* ZJBloodHomeTableViewCell.m */,
				AD4C51531E77D1BF0062B4A4 /* ZJBloodHomeTableViewCell.xib */,
				AD4C51561E77F5080062B4A4 /* ZJBloodSearchTableViewCell.h */,
				AD4C51571E77F5080062B4A4 /* ZJBloodSearchTableViewCell.m */,
				AD4C51581E77F5080062B4A4 /* ZJBloodSearchTableViewCell.xib */,
			);
			name = cell;
			sourceTree = "<group>";
		};
		AD7AF0041E792FD6002D4C01 /* cell */ = {
			isa = PBXGroup;
			children = (
				AD7AF0051E793022002D4C01 /* ZJBInofTableViewCell.h */,
				AD7AF0061E793022002D4C01 /* ZJBInofTableViewCell.m */,
				AD7AF0071E793022002D4C01 /* ZJBInofTableViewCell.xib */,
			);
			name = cell;
			sourceTree = "<group>";
		};
		AD7AF00A1E793B27002D4C01 /* ChildViewController */ = {
			isa = PBXGroup;
			children = (
				AD7AF00B1E793B6B002D4C01 /* ZJBInfoTableViewController.h */,
				AD7AF00C1E793B6B002D4C01 /* ZJBInfoTableViewController.m */,
				AD7AF00E1E793B8D002D4C01 /* ZJBPolicyTableViewController.h */,
				AD7AF00F1E793B8D002D4C01 /* ZJBPolicyTableViewController.m */,
				AD7AF0111E793BA0002D4C01 /* ZJBLoveTableViewController.h */,
				AD7AF0121E793BA0002D4C01 /* ZJBLoveTableViewController.m */,
			);
			name = ChildViewController;
			sourceTree = "<group>";
		};
		AD91A1281E7E78AC0018EF59 /* cell */ = {
			isa = PBXGroup;
			children = (
				AD4CD7071E7F6EF500D0612E /* ZJBloodRecordCell.h */,
				AD4CD7081E7F6EF500D0612E /* ZJBloodRecordCell.m */,
				AD4CD7091E7F6EF500D0612E /* ZJBloodRecordCell.xib */,
			);
			name = cell;
			sourceTree = "<group>";
		};
		AD92FE6D1E8507F100E7AA6E /* ChildViewController */ = {
			isa = PBXGroup;
			children = (
				AD92FE6E1E85082700E7AA6E /* ZJBPrivacyViewController.h */,
				AD92FE6F1E85082700E7AA6E /* ZJBPrivacyViewController.m */,
				AD92FE711E85085100E7AA6E /* ZJBVersionsViewController.h */,
				AD92FE721E85085100E7AA6E /* ZJBVersionsViewController.m */,
				AD92FE741E85088700E7AA6E /* ZJBAboutOursViewController.h */,
				AD92FE751E85088700E7AA6E /* ZJBAboutOursViewController.m */,
			);
			name = ChildViewController;
			sourceTree = "<group>";
		};
		ADBFDF7B1E6E87A0000358E0 /* Service */ = {
			isa = PBXGroup;
			children = (
				AD4D79FA1E72397D00C14A56 /* View */,
				ADBFDF7E1E6E8827000358E0 /* ZJBServiceViewController.h */,
				ADBFDF7F1E6E8827000358E0 /* ZJBServiceViewController.m */,
				AD2400601E83C56200ECA670 /* Commend */,
				AD4CD7181E7FDE4400D0612E /* Honor */,
				AD7A2C881E76EFC800E1D95A /* cell */,
				AD28F0151E76871A005E41B5 /* ViewController */,
			);
			name = Service;
			sourceTree = "<group>";
		};
		ADBFDF7C1E6E87AF000358E0 /* Information */ = {
			isa = PBXGroup;
			children = (
				ADBFDF811E6E8842000358E0 /* ZJBInformationViewController.h */,
				ADBFDF821E6E8842000358E0 /* ZJBInformationViewController.m */,
				AD7AF00A1E793B27002D4C01 /* ChildViewController */,
				AD7AF0041E792FD6002D4C01 /* cell */,
			);
			name = Information;
			sourceTree = "<group>";
		};
		ADBFDF7D1E6E87E4000358E0 /* Person */ = {
			isa = PBXGroup;
			children = (
				ADF06BF91E6EB7F000E9A0F8 /* CustomView */,
				ADBFDF841E6E8855000358E0 /* ZJBPersonViewController.h */,
				ADBFDF851E6E8855000358E0 /* ZJBPersonViewController.m */,
				AD4241381E7BB43B000BDC2A /* MyRecord */,
				AD4AE8461E7A637800687989 /* MyHonor */,
				AD4CD70D1E7F87A700D0612E /* MyCommend */,
				AD38A8B41E7106BC00E7B4A7 /* MyMessageView */,
				AD38A8B21E71060700E7B4A7 /* MyDataView */,
				AD38A8B31E71064500E7B4A7 /* SystemSetView */,
				AD38A8B61E71076000E7B4A7 /* MyShareView */,
				AD38A8B51E7106D500E7B4A7 /* FeedBackView */,
			);
			name = Person;
			sourceTree = "<group>";
		};
		ADF06BF91E6EB7F000E9A0F8 /* CustomView */ = {
			isa = PBXGroup;
			children = (
				ADF06BFA1E6EB89B00E9A0F8 /* CPersonView.h */,
				ADF06BFB1E6EB89B00E9A0F8 /* CPersonView.m */,
				AD2926F01E6FCEC300FBAEF8 /* CPersonTableView.h */,
				AD2926F11E6FCEC300FBAEF8 /* CPersonTableView.m */,
				AD38A8AF1E70FEE700E7B4A7 /* CustomTextView.h */,
				AD38A8B01E70FEE700E7B4A7 /* CustomTextView.m */,
			);
			name = CustomView;
			sourceTree = "<group>";
		};
/* End PBXGroup section */

/* Begin PBXNativeTarget section */
		AD15FDE51E6E66F000F31F1B /* Zjblood */ = {
			isa = PBXNativeTarget;
			buildConfigurationList = AD15FE131E6E66F100F31F1B /* Build configuration list for PBXNativeTarget "Zjblood" */;
			buildPhases = (
				01BB2E776985090894330C2F /* [CP] Check Pods Manifest.lock */,
				AD15FDE21E6E66F000F31F1B /* Sources */,
				AD15FDE31E6E66F000F31F1B /* Frameworks */,
				AD15FDE41E6E66F000F31F1B /* Resources */,
				AD122C1E52373ADE45044ED4 /* [CP] Embed Pods Frameworks */,
				3BE292026C43C8AB47D12C7B /* [CP] Copy Pods Resources */,
			);
			buildRules = (
			);
			dependencies = (
			);
			name = Zjblood;
			productName = Zjblood;
			productReference = AD15FDE61E6E66F000F31F1B /* Zjblood.app */;
			productType = "com.apple.product-type.application";
		};
		AD15FDFE1E6E66F000F31F1B /* ZjbloodTests */ = {
			isa = PBXNativeTarget;
			buildConfigurationList = AD15FE161E6E66F100F31F1B /* Build configuration list for PBXNativeTarget "ZjbloodTests" */;
			buildPhases = (
				AD15FDFB1E6E66F000F31F1B /* Sources */,
				AD15FDFC1E6E66F000F31F1B /* Frameworks */,
				AD15FDFD1E6E66F000F31F1B /* Resources */,
			);
			buildRules = (
			);
			dependencies = (
				AD15FE011E6E66F000F31F1B /* PBXTargetDependency */,
			);
			name = ZjbloodTests;
			productName = ZjbloodTests;
			productReference = AD15FDFF1E6E66F000F31F1B /* ZjbloodTests.xctest */;
			productType = "com.apple.product-type.bundle.unit-test";
		};
		AD15FE091E6E66F100F31F1B /* ZjbloodUITests */ = {
			isa = PBXNativeTarget;
			buildConfigurationList = AD15FE191E6E66F100F31F1B /* Build configuration list for PBXNativeTarget "ZjbloodUITests" */;
			buildPhases = (
				AD15FE061E6E66F100F31F1B /* Sources */,
				AD15FE071E6E66F100F31F1B /* Frameworks */,
				AD15FE081E6E66F100F31F1B /* Resources */,
			);
			buildRules = (
			);
			dependencies = (
				AD15FE0C1E6E66F100F31F1B /* PBXTargetDependency */,
			);
			name = ZjbloodUITests;
			productName = ZjbloodUITests;
			productReference = AD15FE0A1E6E66F100F31F1B /* ZjbloodUITests.xctest */;
			productType = "com.apple.product-type.bundle.ui-testing";
		};
/* End PBXNativeTarget section */

/* Begin PBXProject section */
		AD15FDDE1E6E66F000F31F1B /* Project object */ = {
			isa = PBXProject;
			attributes = {
				LastUpgradeCheck = 0820;
				ORGANIZATIONNAME = Zjblood;
				TargetAttributes = {
					AD15FDE51E6E66F000F31F1B = {
						CreatedOnToolsVersion = 8.2;
						DevelopmentTeam = 5N55KK46S2;
						ProvisioningStyle = Automatic;
					};
					AD15FDFE1E6E66F000F31F1B = {
						CreatedOnToolsVersion = 8.2;
						DevelopmentTeam = D46277C5UP;
						ProvisioningStyle = Automatic;
						TestTargetID = AD15FDE51E6E66F000F31F1B;
					};
					AD15FE091E6E66F100F31F1B = {
						CreatedOnToolsVersion = 8.2;
						DevelopmentTeam = D46277C5UP;
						ProvisioningStyle = Automatic;
						TestTargetID = AD15FDE51E6E66F000F31F1B;
					};
				};
			};
			buildConfigurationList = AD15FDE11E6E66F000F31F1B /* Build configuration list for PBXProject "Zjblood" */;
			compatibilityVersion = "Xcode 3.2";
			developmentRegion = English;
			hasScannedForEncodings = 0;
			knownRegions = (
				en,
				Base,
			);
			mainGroup = AD15FDDD1E6E66F000F31F1B;
			productRefGroup = AD15FDE71E6E66F000F31F1B /* Products */;
			projectDirPath = "";
			projectRoot = "";
			targets = (
				AD15FDE51E6E66F000F31F1B /* Zjblood */,
				AD15FDFE1E6E66F000F31F1B /* ZjbloodTests */,
				AD15FE091E6E66F100F31F1B /* ZjbloodUITests */,
			);
		};
/* End PBXProject section */

/* Begin PBXResourcesBuildPhase section */
		AD15FDE41E6E66F000F31F1B /* Resources */ = {
			isa = PBXResourcesBuildPhase;
			buildActionMask = 2147483647;
			files = (
				ADD065501E76A87B0026F680 /* ZJBloodRecTableViewCell.xib in Resources */,
				AD4C51551E77D1BF0062B4A4 /* ZJBloodHomeTableViewCell.xib in Resources */,
				AD4AE8401E7A31ED00687989 /* ZJBDynamicTableViewCell.xib in Resources */,
				ADBFE2EE1E71A4ED0004767D /* images.xcassets in Resources */,
				AD7AF0091E793022002D4C01 /* ZJBInofTableViewCell.xib in Resources */,
				AD24005E1E83B81E00ECA670 /* ZJBMapTableViewCell.xib in Resources */,
				AD4C515A1E77F5080062B4A4 /* ZJBloodSearchTableViewCell.xib in Resources */,
				AD4AE8451E7A389B00687989 /* ZJBDynamic2TableViewCell.xib in Resources */,
				AD15FDF91E6E66F000F31F1B /* LaunchScreen.storyboard in Resources */,
				AD7AF0001E78D7AB002D4C01 /* ZJBloodLoveTableViewCell.xib in Resources */,
				AD4CD70B1E7F6EF500D0612E /* ZJBloodRecordCell.xib in Resources */,
			);
			runOnlyForDeploymentPostprocessing = 0;
		};
		AD15FDFD1E6E66F000F31F1B /* Resources */ = {
			isa = PBXResourcesBuildPhase;
			buildActionMask = 2147483647;
			files = (
			);
			runOnlyForDeploymentPostprocessing = 0;
		};
		AD15FE081E6E66F100F31F1B /* Resources */ = {
			isa = PBXResourcesBuildPhase;
			buildActionMask = 2147483647;
			files = (
			);
			runOnlyForDeploymentPostprocessing = 0;
		};
/* End PBXResourcesBuildPhase section */

/* Begin PBXShellScriptBuildPhase section */
		01BB2E776985090894330C2F /* [CP] Check Pods Manifest.lock */ = {
			isa = PBXShellScriptBuildPhase;
			buildActionMask = 2147483647;
			files = (
			);
			inputPaths = (
			);
			name = "[CP] Check Pods Manifest.lock";
			outputPaths = (
			);
			runOnlyForDeploymentPostprocessing = 0;
			shellPath = /bin/sh;
			shellScript = "diff \"${PODS_ROOT}/../Podfile.lock\" \"${PODS_ROOT}/Manifest.lock\" > /dev/null\nif [ $? != 0 ] ; then\n    # print error to STDERR\n    echo \"error: The sandbox is not in sync with the Podfile.lock. Run 'pod install' or update your CocoaPods installation.\" >&2\n    exit 1\nfi\n";
			showEnvVarsInLog = 0;
		};
		3BE292026C43C8AB47D12C7B /* [CP] Copy Pods Resources */ = {
			isa = PBXShellScriptBuildPhase;
			buildActionMask = 2147483647;
			files = (
			);
			inputPaths = (
			);
			name = "[CP] Copy Pods Resources";
			outputPaths = (
			);
			runOnlyForDeploymentPostprocessing = 0;
			shellPath = /bin/sh;
			shellScript = "\"${SRCROOT}/Pods/Target Support Files/Pods-Zjblood/Pods-Zjblood-resources.sh\"\n";
			showEnvVarsInLog = 0;
		};
		AD122C1E52373ADE45044ED4 /* [CP] Embed Pods Frameworks */ = {
			isa = PBXShellScriptBuildPhase;
			buildActionMask = 2147483647;
			files = (
			);
			inputPaths = (
			);
			name = "[CP] Embed Pods Frameworks";
			outputPaths = (
			);
			runOnlyForDeploymentPostprocessing = 0;
			shellPath = /bin/sh;
			shellScript = "\"${SRCROOT}/Pods/Target Support Files/Pods-Zjblood/Pods-Zjblood-frameworks.sh\"\n";
			showEnvVarsInLog = 0;
		};
/* End PBXShellScriptBuildPhase section */

/* Begin PBXSourcesBuildPhase section */
		AD15FDE21E6E66F000F31F1B /* Sources */ = {
			isa = PBXSourcesBuildPhase;
			buildActionMask = 2147483647;
			files = (
				AD4CD7171E7FDB7D00D0612E /* ZJBComShowTableViewCell.m in Sources */,
				ADD3259B1E828D1500649D72 /* ZJBCalendarView.m in Sources */,
				AD4D7A031E7275A900C14A56 /* ZJBServiceTableView.m in Sources */,
				AD38A8C21E711FCC00E7B4A7 /* ZJBAddressViewController.m in Sources */,
				AD91A1271E7E77480018EF59 /* ZJBWholeTableViewController.m in Sources */,
				AD5ED4861E810D4E00D59AC5 /* ZJBHonorOneViewController.m in Sources */,
				AD4C51591E77F5080062B4A4 /* ZJBloodSearchTableViewCell.m in Sources */,
				ADE7B6731E88B0CA00F9B622 /* ZJBAFNManager.m in Sources */,
				AD28F01B1E769F79005E41B5 /* ZJBloodResultViewController.m in Sources */,
				AD2926FE1E6FDE7100FBAEF8 /* ZJBFeedBackViewController.m in Sources */,
				AD4D7A061E72807A00C14A56 /* ZJBConfigPhoneStyle.m in Sources */,
				AD7AF00D1E793B6B002D4C01 /* ZJBInfoTableViewController.m in Sources */,
				AD15FDEE1E6E66F000F31F1B /* AppDelegate.m in Sources */,
				AD38A8BC1E711DF200E7B4A7 /* ZJBNameViewController.m in Sources */,
				AD92FE761E85088700E7AA6E /* ZJBAboutOursViewController.m in Sources */,
				AD92FE701E85082700E7AA6E /* ZJBPrivacyViewController.m in Sources */,
				AD4AE8441E7A389B00687989 /* ZJBDynamic2TableViewCell.m in Sources */,
				AD15FE221E6E83B300F31F1B /* BaseViewController.m in Sources */,
				AD2926F21E6FCEC300FBAEF8 /* CPersonTableView.m in Sources */,
				AD7AF0081E793022002D4C01 /* ZJBInofTableViewCell.m in Sources */,
				AD91A1241E7E77150018EF59 /* ZJBAlreadyTableViewController.m in Sources */,
				AD4582671E84BAA7004D8646 /* ZJBResetPwdViewController.m in Sources */,
				AD4C51541E77D1BF0062B4A4 /* ZJBloodHomeTableViewCell.m in Sources */,
				ADBFDF831E6E8842000358E0 /* ZJBInformationViewController.m in Sources */,
				AD15FDEB1E6E66F000F31F1B /* main.m in Sources */,
				AD4C514A1E77B9AA0062B4A4 /* ZJBloodHomeViewController.m in Sources */,
				AD28F0111E762FEA005E41B5 /* ZJBAlertView.m in Sources */,
				AD28F0141E76687E005E41B5 /* ZJBLoginViewController.m in Sources */,
				AD4AE8491E7A63B700687989 /* ZJBMyHonorViewController.m in Sources */,
				AD4D79FD1E723A3A00C14A56 /* ZJBClickView.m in Sources */,
				AD2926F51E6FDDB800FBAEF8 /* ZJBMyMessageViewController.m in Sources */,
				AD2926FB1E6FDE3500FBAEF8 /* ZJBSystenSettingViewController.m in Sources */,
				AD5ED4891E810D5D00D59AC5 /* ZJBHonorTwoViewController.m in Sources */,
				AD7AF0101E793B8D002D4C01 /* ZJBPolicyTableViewController.m in Sources */,
				AD4582641E84BA7D004D8646 /* ZJBPassWordViewController.m in Sources */,
				AD2400581E83A7C600ECA670 /* ZJBMapView.m in Sources */,
				AD4AE83F1E7A31ED00687989 /* ZJBDynamicTableViewCell.m in Sources */,
				AD24005D1E83B81E00ECA670 /* ZJBMapTableViewCell.m in Sources */,
				ADE7B6701E88A66B00F9B622 /* ZJBNetClient.m in Sources */,
				AD2926F81E6FDDF700FBAEF8 /* ZJBMyDataTableViewController.m in Sources */,
				AD38A8C51E7120D000E7B4A7 /* ZJBIdCardViewController.m in Sources */,
				AD4AE84D1E7A6B9600687989 /* ZJBApplicant.m in Sources */,
				AD42413B1E7BB4C2000BDC2A /* ZJBMyRecordViewController.m in Sources */,
				AD7AF0031E790DD2002D4C01 /* ZJBSearchBarViewController.m in Sources */,
				ADBFDF861E6E8855000358E0 /* ZJBPersonViewController.m in Sources */,
				AD7AF0131E793BA0002D4C01 /* ZJBLoveTableViewController.m in Sources */,
				AD4CD7101E7F885600D0612E /* ZJBMyCommendViewController.m in Sources */,
				AD28F0181E768784005E41B5 /* ZJBloodRecordViewController.m in Sources */,
				AD7AEFFF1E78D7AB002D4C01 /* ZJBloodLoveTableViewCell.m in Sources */,
				AD5ED48F1E810D8300D59AC5 /* ZJBHonorFourViewController.m in Sources */,
				AD38A8BF1E711E8700E7B4A7 /* ZJBSexViewController.m in Sources */,
				ADF06BFC1E6EB89B00E9A0F8 /* CPersonView.m in Sources */,
				AD38A8B11E70FEE700E7B4A7 /* CustomTextView.m in Sources */,
				ADD0654F1E76A87B0026F680 /* ZJBloodRecTableViewCell.m in Sources */,
				AD5ED48C1E810D6E00D59AC5 /* ZJBHonorThreeViewController.m in Sources */,
				AD92FE731E85085100E7AA6E /* ZJBVersionsViewController.m in Sources */,
				ADBFDF801E6E8827000358E0 /* ZJBServiceViewController.m in Sources */,
				AD5ED4921E810D9200D59AC5 /* ZJBHonorFiveViewController.m in Sources */,
				AD4CD71B1E7FDF2400D0612E /* ZJBApplyHonorVC.m in Sources */,
				AD4C514D1E77BA760062B4A4 /* ZJBloodAskViewController.m in Sources */,
				AD91A11B1E7E74500018EF59 /* ZJBReviewTableViewController.m in Sources */,
				AD4C51501E77BAE70062B4A4 /* ZJBloodSearchViewController.m in Sources */,
				AD4AE8501E7A87F100687989 /* ZJBApplicationContent.m in Sources */,
				AD027EB01E816EA20093077C /* ZJBHonorAlertView.m in Sources */,
				AD4CD70A1E7F6EF500D0612E /* ZJBloodRecordCell.m in Sources */,
				AD45826A1E84BADF004D8646 /* ZJBRegisterViewController.m in Sources */,
				AD4CD7141E7FB64400D0612E /* ZJBCommendView.m in Sources */,
			);
			runOnlyForDeploymentPostprocessing = 0;
		};
		AD15FDFB1E6E66F000F31F1B /* Sources */ = {
			isa = PBXSourcesBuildPhase;
			buildActionMask = 2147483647;
			files = (
				AD15FE041E6E66F100F31F1B /* ZjbloodTests.m in Sources */,
			);
			runOnlyForDeploymentPostprocessing = 0;
		};
		AD15FE061E6E66F100F31F1B /* Sources */ = {
			isa = PBXSourcesBuildPhase;
			buildActionMask = 2147483647;
			files = (
				AD15FE0F1E6E66F100F31F1B /* ZjbloodUITests.m in Sources */,
			);
			runOnlyForDeploymentPostprocessing = 0;
		};
/* End PBXSourcesBuildPhase section */

/* Begin PBXTargetDependency section */
		AD15FE011E6E66F000F31F1B /* PBXTargetDependency */ = {
			isa = PBXTargetDependency;
			target = AD15FDE51E6E66F000F31F1B /* Zjblood */;
			targetProxy = AD15FE001E6E66F000F31F1B /* PBXContainerItemProxy */;
		};
		AD15FE0C1E6E66F100F31F1B /* PBXTargetDependency */ = {
			isa = PBXTargetDependency;
			target = AD15FDE51E6E66F000F31F1B /* Zjblood */;
			targetProxy = AD15FE0B1E6E66F100F31F1B /* PBXContainerItemProxy */;
		};
/* End PBXTargetDependency section */

/* Begin PBXVariantGroup section */
		AD15FDF71E6E66F000F31F1B /* LaunchScreen.storyboard */ = {
			isa = PBXVariantGroup;
			children = (
				AD15FDF81E6E66F000F31F1B /* Base */,
			);
			name = LaunchScreen.storyboard;
			sourceTree = "<group>";
		};
/* End PBXVariantGroup section */

/* Begin XCBuildConfiguration section */
		AD15FE111E6E66F100F31F1B /* Debug */ = {
			isa = XCBuildConfiguration;
			buildSettings = {
				ALWAYS_SEARCH_USER_PATHS = NO;
				CLANG_ANALYZER_NONNULL = YES;
				CLANG_CXX_LANGUAGE_STANDARD = "gnu++0x";
				CLANG_CXX_LIBRARY = "libc++";
				CLANG_ENABLE_MODULES = YES;
				CLANG_ENABLE_OBJC_ARC = YES;
				CLANG_WARN_BOOL_CONVERSION = YES;
				CLANG_WARN_CONSTANT_CONVERSION = YES;
				CLANG_WARN_DIRECT_OBJC_ISA_USAGE = YES_ERROR;
				CLANG_WARN_DOCUMENTATION_COMMENTS = YES;
				CLANG_WARN_EMPTY_BODY = YES;
				CLANG_WARN_ENUM_CONVERSION = YES;
				CLANG_WARN_INFINITE_RECURSION = YES;
				CLANG_WARN_INT_CONVERSION = YES;
				CLANG_WARN_OBJC_ROOT_CLASS = YES_ERROR;
				CLANG_WARN_SUSPICIOUS_MOVE = YES;
				CLANG_WARN_UNREACHABLE_CODE = YES;
				CLANG_WARN__DUPLICATE_METHOD_MATCH = YES;
				"CODE_SIGN_IDENTITY[sdk=iphoneos*]" = "iPhone Developer";
				COPY_PHASE_STRIP = NO;
				DEBUG_INFORMATION_FORMAT = dwarf;
				ENABLE_STRICT_OBJC_MSGSEND = YES;
				ENABLE_TESTABILITY = YES;
				GCC_C_LANGUAGE_STANDARD = gnu99;
				GCC_DYNAMIC_NO_PIC = NO;
				GCC_NO_COMMON_BLOCKS = YES;
				GCC_OPTIMIZATION_LEVEL = 0;
				GCC_PREPROCESSOR_DEFINITIONS = (
					"DEBUG=1",
					"$(inherited)",
				);
				GCC_WARN_64_TO_32_BIT_CONVERSION = YES;
				GCC_WARN_ABOUT_RETURN_TYPE = YES_ERROR;
				GCC_WARN_UNDECLARED_SELECTOR = YES;
				GCC_WARN_UNINITIALIZED_AUTOS = YES_AGGRESSIVE;
				GCC_WARN_UNUSED_FUNCTION = YES;
				GCC_WARN_UNUSED_VARIABLE = YES;
				IPHONEOS_DEPLOYMENT_TARGET = 10.2;
				MTL_ENABLE_DEBUG_INFO = YES;
				ONLY_ACTIVE_ARCH = YES;
				SDKROOT = iphoneos;
			};
			name = Debug;
		};
		AD15FE121E6E66F100F31F1B /* Release */ = {
			isa = XCBuildConfiguration;
			buildSettings = {
				ALWAYS_SEARCH_USER_PATHS = NO;
				CLANG_ANALYZER_NONNULL = YES;
				CLANG_CXX_LANGUAGE_STANDARD = "gnu++0x";
				CLANG_CXX_LIBRARY = "libc++";
				CLANG_ENABLE_MODULES = YES;
				CLANG_ENABLE_OBJC_ARC = YES;
				CLANG_WARN_BOOL_CONVERSION = YES;
				CLANG_WARN_CONSTANT_CONVERSION = YES;
				CLANG_WARN_DIRECT_OBJC_ISA_USAGE = YES_ERROR;
				CLANG_WARN_DOCUMENTATION_COMMENTS = YES;
				CLANG_WARN_EMPTY_BODY = YES;
				CLANG_WARN_ENUM_CONVERSION = YES;
				CLANG_WARN_INFINITE_RECURSION = YES;
				CLANG_WARN_INT_CONVERSION = YES;
				CLANG_WARN_OBJC_ROOT_CLASS = YES_ERROR;
				CLANG_WARN_SUSPICIOUS_MOVE = YES;
				CLANG_WARN_UNREACHABLE_CODE = YES;
				CLANG_WARN__DUPLICATE_METHOD_MATCH = YES;
				"CODE_SIGN_IDENTITY[sdk=iphoneos*]" = "iPhone Developer";
				COPY_PHASE_STRIP = NO;
				DEBUG_INFORMATION_FORMAT = "dwarf-with-dsym";
				ENABLE_NS_ASSERTIONS = NO;
				ENABLE_STRICT_OBJC_MSGSEND = YES;
				GCC_C_LANGUAGE_STANDARD = gnu99;
				GCC_NO_COMMON_BLOCKS = YES;
				GCC_WARN_64_TO_32_BIT_CONVERSION = YES;
				GCC_WARN_ABOUT_RETURN_TYPE = YES_ERROR;
				GCC_WARN_UNDECLARED_SELECTOR = YES;
				GCC_WARN_UNINITIALIZED_AUTOS = YES_AGGRESSIVE;
				GCC_WARN_UNUSED_FUNCTION = YES;
				GCC_WARN_UNUSED_VARIABLE = YES;
				IPHONEOS_DEPLOYMENT_TARGET = 10.2;
				MTL_ENABLE_DEBUG_INFO = NO;
				SDKROOT = iphoneos;
				VALIDATE_PRODUCT = YES;
			};
			name = Release;
		};
		AD15FE141E6E66F100F31F1B /* Debug */ = {
			isa = XCBuildConfiguration;
			baseConfigurationReference = 510076145357607983E2F2A2 /* Pods-Zjblood.debug.xcconfig */;
			buildSettings = {
				ASSETCATALOG_COMPILER_APPICON_NAME = AppIcon;
				DEVELOPMENT_TEAM = 5N55KK46S2;
				GCC_INCREASE_PRECOMPILED_HEADER_SHARING = NO;
				GCC_PRECOMPILE_PREFIX_HEADER = YES;
				GCC_PREFIX_HEADER = /Users/caoyang/Documents/Zjblood/Zjblood/Config/ZJBPch.pch;
				GCC_PREPROCESSOR_DEFINITIONS_NOT_USED_IN_PRECOMPS = "";
				INFOPLIST_FILE = Zjblood/Info.plist;
				IPHONEOS_DEPLOYMENT_TARGET = 8.0;
				LD_RUNPATH_SEARCH_PATHS = "$(inherited) @executable_path/Frameworks";
				NEW_SETTING = "";
				PRODUCT_BUNDLE_IDENTIFIER = com.zjhlhl.zjblood;
				PRODUCT_NAME = "$(TARGET_NAME)";
				USER_HEADER_SEARCH_PATHS = "${SRCROOT}/**";
			};
			name = Debug;
		};
		AD15FE151E6E66F100F31F1B /* Release */ = {
			isa = XCBuildConfiguration;
			baseConfigurationReference = E94A8FE1001C3F069F14C006 /* Pods-Zjblood.release.xcconfig */;
			buildSettings = {
				ASSETCATALOG_COMPILER_APPICON_NAME = AppIcon;
				DEVELOPMENT_TEAM = 5N55KK46S2;
				GCC_INCREASE_PRECOMPILED_HEADER_SHARING = NO;
				GCC_PRECOMPILE_PREFIX_HEADER = YES;
				GCC_PREFIX_HEADER = /Users/caoyang/Documents/Zjblood/Zjblood/Config/ZJBPch.pch;
				GCC_PREPROCESSOR_DEFINITIONS_NOT_USED_IN_PRECOMPS = "";
				INFOPLIST_FILE = Zjblood/Info.plist;
				IPHONEOS_DEPLOYMENT_TARGET = 8.0;
				LD_RUNPATH_SEARCH_PATHS = "$(inherited) @executable_path/Frameworks";
				NEW_SETTING = "";
				PRODUCT_BUNDLE_IDENTIFIER = com.zjhlhl.zjblood;
				PRODUCT_NAME = "$(TARGET_NAME)";
				USER_HEADER_SEARCH_PATHS = "${SRCROOT}/**";
			};
			name = Release;
		};
		AD15FE171E6E66F100F31F1B /* Debug */ = {
			isa = XCBuildConfiguration;
			buildSettings = {
				BUNDLE_LOADER = "$(TEST_HOST)";
				DEVELOPMENT_TEAM = D46277C5UP;
				INFOPLIST_FILE = ZjbloodTests/Info.plist;
				LD_RUNPATH_SEARCH_PATHS = "$(inherited) @executable_path/Frameworks @loader_path/Frameworks";
				PRODUCT_BUNDLE_IDENTIFIER = "-.ZjbloodTests";
				PRODUCT_NAME = "$(TARGET_NAME)";
				TEST_HOST = "$(BUILT_PRODUCTS_DIR)/Zjblood.app/Zjblood";
			};
			name = Debug;
		};
		AD15FE181E6E66F100F31F1B /* Release */ = {
			isa = XCBuildConfiguration;
			buildSettings = {
				BUNDLE_LOADER = "$(TEST_HOST)";
				DEVELOPMENT_TEAM = D46277C5UP;
				INFOPLIST_FILE = ZjbloodTests/Info.plist;
				LD_RUNPATH_SEARCH_PATHS = "$(inherited) @executable_path/Frameworks @loader_path/Frameworks";
				PRODUCT_BUNDLE_IDENTIFIER = "-.ZjbloodTests";
				PRODUCT_NAME = "$(TARGET_NAME)";
				TEST_HOST = "$(BUILT_PRODUCTS_DIR)/Zjblood.app/Zjblood";
			};
			name = Release;
		};
		AD15FE1A1E6E66F100F31F1B /* Debug */ = {
			isa = XCBuildConfiguration;
			buildSettings = {
				DEVELOPMENT_TEAM = D46277C5UP;
				INFOPLIST_FILE = ZjbloodUITests/Info.plist;
				LD_RUNPATH_SEARCH_PATHS = "$(inherited) @executable_path/Frameworks @loader_path/Frameworks";
				PRODUCT_BUNDLE_IDENTIFIER = "-.ZjbloodUITests";
				PRODUCT_NAME = "$(TARGET_NAME)";
				TEST_TARGET_NAME = Zjblood;
			};
			name = Debug;
		};
		AD15FE1B1E6E66F100F31F1B /* Release */ = {
			isa = XCBuildConfiguration;
			buildSettings = {
				DEVELOPMENT_TEAM = D46277C5UP;
				INFOPLIST_FILE = ZjbloodUITests/Info.plist;
				LD_RUNPATH_SEARCH_PATHS = "$(inherited) @executable_path/Frameworks @loader_path/Frameworks";
				PRODUCT_BUNDLE_IDENTIFIER = "-.ZjbloodUITests";
				PRODUCT_NAME = "$(TARGET_NAME)";
				TEST_TARGET_NAME = Zjblood;
			};
			name = Release;
		};
/* End XCBuildConfiguration section */

/* Begin XCConfigurationList section */
		AD15FDE11E6E66F000F31F1B /* Build configuration list for PBXProject "Zjblood" */ = {
			isa = XCConfigurationList;
			buildConfigurations = (
				AD15FE111E6E66F100F31F1B /* Debug */,
				AD15FE121E6E66F100F31F1B /* Release */,
			);
			defaultConfigurationIsVisible = 0;
			defaultConfigurationName = Release;
		};
		AD15FE131E6E66F100F31F1B /* Build configuration list for PBXNativeTarget "Zjblood" */ = {
			isa = XCConfigurationList;
			buildConfigurations = (
				AD15FE141E6E66F100F31F1B /* Debug */,
				AD15FE151E6E66F100F31F1B /* Release */,
			);
			defaultConfigurationIsVisible = 0;
			defaultConfigurationName = Release;
		};
		AD15FE161E6E66F100F31F1B /* Build configuration list for PBXNativeTarget "ZjbloodTests" */ = {
			isa = XCConfigurationList;
			buildConfigurations = (
				AD15FE171E6E66F100F31F1B /* Debug */,
				AD15FE181E6E66F100F31F1B /* Release */,
			);
			defaultConfigurationIsVisible = 0;
			defaultConfigurationName = Release;
		};
		AD15FE191E6E66F100F31F1B /* Build configuration list for PBXNativeTarget "ZjbloodUITests" */ = {
			isa = XCConfigurationList;
			buildConfigurations = (
				AD15FE1A1E6E66F100F31F1B /* Debug */,
				AD15FE1B1E6E66F100F31F1B /* Release */,
			);
			defaultConfigurationIsVisible = 0;
			defaultConfigurationName = Release;
		};
/* End XCConfigurationList section */
	};
	rootObject = AD15FDDE1E6E66F000F31F1B /* Project object */;
}
